
Microsoft Visual Studio Solution File, Format Version 12.00
# Visual Studio Version 17
VisualStudioVersion = 17.2.32630.192
MinimumVisualStudioVersion = 10.0.40219.1
Project("{9A19103F-16F7-4668-BE54-9A1E7A4F7556}") = "D8S.S0004", "D8S.S0004\D8S.S0004.csproj", "{5161D801-2306-4122-B700-808FDF73D29A}"
EndProject
Project("{2150E333-8FDC-42A3-9474-1A3956D46DE8}") = "_Dependencies", "_Dependencies", "{3C80E7EC-27FC-44AF-9686-AB523C484678}"
EndProject
Project("{9A19103F-16F7-4668-BE54-9A1E7A4F7556}") = "R5T.NG0019", "..\..\..\SafetyCone\R5T.NG0019\source\R5T.NG0019\R5T.NG0019.csproj", "{465D313D-C9BF-4278-895B-8660249DF55E}"
EndProject
Project("{9A19103F-16F7-4668-BE54-9A1E7A4F7556}") = "R5T.L0066", "..\..\..\SafetyCone\R5T.L0066\source\R5T.L0066\R5T.L0066.csproj", "{A00222B3-8FC6-4795-8901-7E69C72282C7}"
EndProject
Project("{9A19103F-16F7-4668-BE54-9A1E7A4F7556}") = "R5T.L0072", "..\..\..\SafetyCone\R5T.L0072\source\R5T.L0072\R5T.L0072.csproj", "{415303FA-6FC5-486B-BAD0-5F0C4A44ECE7}"
EndProject
Project("{9A19103F-16F7-4668-BE54-9A1E7A4F7556}") = "R5T.T0131", "..\..\..\SafetyCone\R5T.T0131\source\R5T.T0131\R5T.T0131.csproj", "{2446668A-4253-4DF3-948D-4938139DF97F}"
EndProject
Project("{9A19103F-16F7-4668-BE54-9A1E7A4F7556}") = "R5T.T0132", "..\..\..\SafetyCone\R5T.T0132\source\R5T.T0132\R5T.T0132.csproj", "{200F6012-5086-4256-92B4-3B99F2D18F86}"
EndProject
Project("{9A19103F-16F7-4668-BE54-9A1E7A4F7556}") = "R5T.T0142", "..\..\..\SafetyCone\R5T.T0142\source\R5T.T0142\R5T.T0142.csproj", "{D1D69F32-92DC-410E-8B2C-F29F2D429E3E}"
EndProject
Project("{9A19103F-16F7-4668-BE54-9A1E7A4F7556}") = "R5T.T0143", "..\..\..\SafetyCone\R5T.T0143\source\R5T.T0143\R5T.T0143.csproj", "{C1CD81A3-0409-4F92-93EB-A7A032815B42}"
EndProject
Project("{9A19103F-16F7-4668-BE54-9A1E7A4F7556}") = "R5T.T0156", "..\..\..\SafetyCone\R5T.T0156\source\R5T.T0156\R5T.T0156.csproj", "{1029CEC8-9C93-466D-9B89-094C9630FBBA}"
EndProject
Project("{9A19103F-16F7-4668-BE54-9A1E7A4F7556}") = "R5T.Y0006", "..\..\..\SafetyCone\R5T.Y0006\source\R5T.Y0006\R5T.Y0006.csproj", "{353346A8-53EB-4415-B8FB-F109C7F585A2}"
EndProject
Project("{9A19103F-16F7-4668-BE54-9A1E7A4F7556}") = "R5T.F0000", "..\..\..\SafetyCone\R5T.F0000\source\R5T.F0000\R5T.F0000.csproj", "{7B596128-7D70-436D-84DD-AD349FF9A6AA}"
EndProject
Project("{9A19103F-16F7-4668-BE54-9A1E7A4F7556}") = "R5T.F0002", "..\..\..\SafetyCone\R5T.F0002\source\R5T.F0002\R5T.F0002.csproj", "{9759159D-D115-4F5E-BFED-3DF6A54E92AB}"
EndProject
Project("{9A19103F-16F7-4668-BE54-9A1E7A4F7556}") = "R5T.F0020", "..\..\..\SafetyCone\R5T.F0020\source\R5T.F0020\R5T.F0020.csproj", "{CE607328-C24A-4C28-85E2-EC43419872FF}"
EndProject
Project("{9A19103F-16F7-4668-BE54-9A1E7A4F7556}") = "R5T.F0033.Platform", "..\..\..\SafetyCone\R5T.F0033\source\R5T.F0033.Platform\R5T.F0033.Platform.csproj", "{16B78932-FD8E-4652-B73B-F892BD2D7AE7}"
EndProject
Project("{9A19103F-16F7-4668-BE54-9A1E7A4F7556}") = "R5T.F0033", "..\..\..\SafetyCone\R5T.F0033\source\R5T.F0033\R5T.F0033.csproj", "{3C029516-B8D2-42B6-8B84-693FD2670D78}"
EndProject
Project("{9A19103F-16F7-4668-BE54-9A1E7A4F7556}") = "R5T.F0034.Platform", "..\..\..\SafetyCone\R5T.F0034\source\R5T.F0034.Platform\R5T.F0034.Platform.csproj", "{D281A581-10C8-4B09-903A-F4A57F407779}"
EndProject
Project("{9A19103F-16F7-4668-BE54-9A1E7A4F7556}") = "R5T.F0034", "..\..\..\SafetyCone\R5T.F0034\source\R5T.F0034\R5T.F0034.csproj", "{DC28BB40-0484-402D-93EB-1F61C89061E3}"
EndProject
Project("{9A19103F-16F7-4668-BE54-9A1E7A4F7556}") = "R5T.F0035.F001", "..\..\..\SafetyCone\R5T.F0035\source\R5T.F0035.F001\R5T.F0035.F001.csproj", "{41597F17-4687-45CD-8FF3-02F3E113864C}"
EndProject
Project("{9A19103F-16F7-4668-BE54-9A1E7A4F7556}") = "R5T.F0040.F000", "..\..\..\SafetyCone\R5T.F0040\source\R5T.F0040.F000\R5T.F0040.F000.csproj", "{F8A0D8E9-BDEC-4C38-A72D-B73854B92897}"
EndProject
Project("{9A19103F-16F7-4668-BE54-9A1E7A4F7556}") = "R5T.F0040", "..\..\..\SafetyCone\R5T.F0040\source\R5T.F0040\R5T.F0040.csproj", "{2908A01F-DA94-40A0-B233-14DE2002CE00}"
EndProject
Project("{9A19103F-16F7-4668-BE54-9A1E7A4F7556}") = "R5T.F0059", "..\..\..\SafetyCone\R5T.F0059\source\R5T.F0059\R5T.F0059.csproj", "{3A13BE98-0E20-42F2-A11F-9858F61EF40B}"
EndProject
Project("{9A19103F-16F7-4668-BE54-9A1E7A4F7556}") = "R5T.F0120", "..\..\..\SafetyCone\R5T.F0120\source\R5T.F0120\R5T.F0120.csproj", "{BF25BA91-1CE2-4978-AE39-780E6F771669}"
EndProject
Project("{9A19103F-16F7-4668-BE54-9A1E7A4F7556}") = "R5T.F0124", "..\..\..\SafetyCone\R5T.F0124\source\R5T.F0124\R5T.F0124.csproj", "{78A82B30-9AA4-4A30-97DC-4B6D1BAE32B5}"
EndProject
Project("{9A19103F-16F7-4668-BE54-9A1E7A4F7556}") = "R5T.F0125", "..\..\..\SafetyCone\R5T.F0125\source\R5T.F0125\R5T.F0125.csproj", "{5B578FDE-065B-43D5-840A-520F6206AD6C}"
EndProject
Project("{9A19103F-16F7-4668-BE54-9A1E7A4F7556}") = "R5T.F0138", "..\..\..\SafetyCone\R5T.F0138\source\R5T.F0138\R5T.F0138.csproj", "{8C87C893-65EF-41F7-A3D8-E3F58CAC2239}"
EndProject
Project("{9A19103F-16F7-4668-BE54-9A1E7A4F7556}") = "R5T.F0139", "..\..\..\SafetyCone\R5T.F0139\source\R5T.F0139\R5T.F0139.csproj", "{84783EB5-7CA3-4ACF-A79A-59287A79094C}"
EndProject
Project("{9A19103F-16F7-4668-BE54-9A1E7A4F7556}") = "R5T.F0140", "..\..\..\SafetyCone\R5T.F0140\source\R5T.F0140\R5T.F0140.csproj", "{B02F694A-ABEB-4490-B727-3AF3C730DE40}"
EndProject
Project("{9A19103F-16F7-4668-BE54-9A1E7A4F7556}") = "R5T.L0030.T000", "..\..\..\SafetyCone\R5T.L0030\source\R5T.L0030.T000\R5T.L0030.T000.csproj", "{E03CDCF2-C7A4-4A16-ABD1-ABD8455B847E}"
EndProject
Project("{9A19103F-16F7-4668-BE54-9A1E7A4F7556}") = "R5T.L0030", "..\..\..\SafetyCone\R5T.L0030\source\R5T.L0030\R5T.L0030.csproj", "{8D1E760C-9670-4248-B1CA-6FD0FEF82F7C}"
EndProject
Project("{9A19103F-16F7-4668-BE54-9A1E7A4F7556}") = "R5T.L0032.T000", "..\..\..\SafetyCone\R5T.L0032\source\R5T.L0032.T000\R5T.L0032.T000.csproj", "{21F73B15-2DE4-4E02-8262-88BFF81A990E}"
EndProject
Project("{9A19103F-16F7-4668-BE54-9A1E7A4F7556}") = "R5T.L0032.Y000", "..\..\..\SafetyCone\R5T.L0032\source\R5T.L0032.Y000\R5T.L0032.Y000.csproj", "{7FEBC69A-9C7A-4CF8-831B-919461107CDC}"
EndProject
Project("{9A19103F-16F7-4668-BE54-9A1E7A4F7556}") = "R5T.L0034", "..\..\..\SafetyCone\R5T.L0034\source\R5T.L0034\R5T.L0034.csproj", "{722F1571-A7CC-47AD-B3F7-1B65135C85EF}"
EndProject
Project("{9A19103F-16F7-4668-BE54-9A1E7A4F7556}") = "R5T.L0035", "..\..\..\SafetyCone\R5T.L0035\source\R5T.L0035\R5T.L0035.csproj", "{9E6E1249-5E7D-4FB1-BF33-9D14B649225D}"
EndProject
Project("{9A19103F-16F7-4668-BE54-9A1E7A4F7556}") = "R5T.L0053", "..\..\..\SafetyCone\R5T.L0053\source\R5T.L0053\R5T.L0053.csproj", "{8A7333E9-4122-4292-9774-B88C16C29952}"
EndProject
Project("{9A19103F-16F7-4668-BE54-9A1E7A4F7556}") = "R5T.L0055", "..\..\..\SafetyCone\R5T.L0055\source\R5T.L0055\R5T.L0055.csproj", "{F7805A28-FBD9-42BB-9884-F5DE002BE583}"
EndProject
Project("{9A19103F-16F7-4668-BE54-9A1E7A4F7556}") = "R5T.L0056", "..\..\..\SafetyCone\R5T.L0056\source\R5T.L0056\R5T.L0056.csproj", "{39BFC3A2-E068-4CD3-BBCB-F63F9870129C}"
EndProject
Project("{9A19103F-16F7-4668-BE54-9A1E7A4F7556}") = "R5T.L0057", "..\..\..\SafetyCone\R5T.L0057\source\R5T.L0057\R5T.L0057.csproj", "{808548D9-0565-4F87-A03E-EE1CAB03FD4F}"
EndProject
Project("{9A19103F-16F7-4668-BE54-9A1E7A4F7556}") = "R5T.L0058", "..\..\..\SafetyCone\R5T.L0058\source\R5T.L0058\R5T.L0058.csproj", "{7065EFE2-9BD2-4D5E-AF20-9E86D8BC6EA1}"
EndProject
Project("{9A19103F-16F7-4668-BE54-9A1E7A4F7556}") = "R5T.L0061", "..\..\..\SafetyCone\R5T.L0061\source\R5T.L0061\R5T.L0061.csproj", "{6DA1DD08-DF0D-4313-A1DE-29D881226DDA}"
EndProject
Project("{9A19103F-16F7-4668-BE54-9A1E7A4F7556}") = "R5T.L0064.F001", "..\..\..\SafetyCone\R5T.L0064\source\R5T.L0064.F001\R5T.L0064.F001.csproj", "{94034E5E-B4FF-4227-8372-1526A09C83A8}"
EndProject
Project("{9A19103F-16F7-4668-BE54-9A1E7A4F7556}") = "R5T.L0071", "..\..\..\SafetyCone\R5T.L0071\source\R5T.L0071\R5T.L0071.csproj", "{59E2BF9F-3572-4631-8EE5-9F448FAA57A4}"
EndProject
Project("{9A19103F-16F7-4668-BE54-9A1E7A4F7556}") = "R5T.NG0002", "..\..\..\SafetyCone\R5T.NG0002\source\R5T.NG0002\R5T.NG0002.csproj", "{CEBBBB42-1208-4CCF-AD96-042F7DC74E49}"
EndProject
Project("{9A19103F-16F7-4668-BE54-9A1E7A4F7556}") = "R5T.NG0006", "..\..\..\SafetyCone\R5T.NG0006\source\R5T.NG0006\R5T.NG0006.csproj", "{403753AD-0402-4311-9E30-358AC5DBE9E9}"
EndProject
Project("{9A19103F-16F7-4668-BE54-9A1E7A4F7556}") = "R5T.NG0007", "..\..\..\SafetyCone\R5T.NG0007\source\R5T.NG0007\R5T.NG0007.csproj", "{275C354E-B54A-4449-8F95-1E610ED3625B}"
EndProject
Project("{9A19103F-16F7-4668-BE54-9A1E7A4F7556}") = "R5T.NG0010", "..\..\..\SafetyCone\R5T.NG0010\source\R5T.NG0010\R5T.NG0010.csproj", "{5528E1DD-3D2A-4AA6-B6F2-0CA1BE991A3B}"
EndProject
Project("{9A19103F-16F7-4668-BE54-9A1E7A4F7556}") = "R5T.NG0022", "..\..\..\SafetyCone\R5T.NG0022\source\R5T.NG0022\R5T.NG0022.csproj", "{118EE242-6D81-4480-BEBA-D37431D44D8D}"
EndProject
Project("{9A19103F-16F7-4668-BE54-9A1E7A4F7556}") = "R5T.T0141", "..\..\..\SafetyCone\R5T.T0141\source\R5T.T0141\R5T.T0141.csproj", "{563897DA-43D7-4EA6-86C3-69938A3882CC}"
EndProject
Project("{9A19103F-16F7-4668-BE54-9A1E7A4F7556}") = "R5T.T0148", "..\..\..\SafetyCone\R5T.T0148\source\R5T.T0148\R5T.T0148.csproj", "{32D880AD-D80B-4D79-BA1C-024A456DBD55}"
EndProject
Project("{9A19103F-16F7-4668-BE54-9A1E7A4F7556}") = "R5T.T0150", "..\..\..\SafetyCone\R5T.T0150\source\R5T.T0150\R5T.T0150.csproj", "{EEB47ED3-8805-49D7-A363-F115501F3276}"
EndProject
Project("{9A19103F-16F7-4668-BE54-9A1E7A4F7556}") = "R5T.T0151", "..\..\..\SafetyCone\R5T.T0151\source\R5T.T0151\R5T.T0151.csproj", "{49188EA1-9A11-4ED4-A322-7E3D3F63E235}"
EndProject
Project("{9A19103F-16F7-4668-BE54-9A1E7A4F7556}") = "R5T.T0152", "..\..\..\SafetyCone\R5T.T0152\source\R5T.T0152\R5T.T0152.csproj", "{57E1E677-2CD8-4232-9C78-8E4934978519}"
EndProject
Project("{9A19103F-16F7-4668-BE54-9A1E7A4F7556}") = "R5T.T0158.F000", "..\..\..\SafetyCone\R5T.T0158\source\R5T.T0158.F000\R5T.T0158.F000.csproj", "{9EC379DB-BD77-4FE8-9903-7FE721C555CC}"
EndProject
Project("{9A19103F-16F7-4668-BE54-9A1E7A4F7556}") = "R5T.T0158.T000", "..\..\..\SafetyCone\R5T.T0158\source\R5T.T0158.T000\R5T.T0158.T000.csproj", "{067CF720-0773-49E4-99A8-A06E4854A179}"
EndProject
Project("{9A19103F-16F7-4668-BE54-9A1E7A4F7556}") = "R5T.T0158", "..\..\..\SafetyCone\R5T.T0158\source\R5T.T0158\R5T.T0158.csproj", "{CA653C34-1BAC-4C23-B7D8-1CAC0F17E6F4}"
EndProject
Project("{9A19103F-16F7-4668-BE54-9A1E7A4F7556}") = "R5T.T0159.F000", "..\..\..\SafetyCone\R5T.T0159\source\R5T.T0159.F000\R5T.T0159.F000.csproj", "{807A4499-ED22-4886-BA80-8B5B8B2040E6}"
EndProject
Project("{9A19103F-16F7-4668-BE54-9A1E7A4F7556}") = "R5T.T0159", "..\..\..\SafetyCone\R5T.T0159\source\R5T.T0159\R5T.T0159.csproj", "{C66012EA-93AE-4B60-B7D0-9F4AC18029CD}"
EndProject
Project("{9A19103F-16F7-4668-BE54-9A1E7A4F7556}") = "R5T.T0161", "..\..\..\SafetyCone\R5T.T0161\source\R5T.T0161\R5T.T0161.csproj", "{475DC5BF-6D2E-460B-BD33-3B1A95DF7D01}"
EndProject
Project("{9A19103F-16F7-4668-BE54-9A1E7A4F7556}") = "R5T.T0172", "..\..\..\SafetyCone\R5T.T0172\source\R5T.T0172\R5T.T0172.csproj", "{0D7F06F3-CE6B-4088-A66B-302D864319A3}"
EndProject
Project("{9A19103F-16F7-4668-BE54-9A1E7A4F7556}") = "R5T.T0174", "..\..\..\SafetyCone\R5T.T0174\source\R5T.T0174\R5T.T0174.csproj", "{AE160C24-6D39-4DB0-ACB3-43714C28EADC}"
EndProject
Project("{9A19103F-16F7-4668-BE54-9A1E7A4F7556}") = "R5T.T0176", "..\..\..\SafetyCone\R5T.T0176\source\R5T.T0176\R5T.T0176.csproj", "{34AA729E-9D50-4468-B33D-16355EBABE9F}"
EndProject
Project("{9A19103F-16F7-4668-BE54-9A1E7A4F7556}") = "R5T.T0177", "..\..\..\SafetyCone\R5T.T0177\source\R5T.T0177\R5T.T0177.csproj", "{9C271954-9323-4E10-A921-39E3083D8582}"
EndProject
Project("{9A19103F-16F7-4668-BE54-9A1E7A4F7556}") = "R5T.T0178", "..\..\..\SafetyCone\R5T.T0178\source\R5T.T0178\R5T.T0178.csproj", "{6B5BE334-60AD-45F8-806E-0F419CC54C42}"
EndProject
Project("{9A19103F-16F7-4668-BE54-9A1E7A4F7556}") = "R5T.T0179", "..\..\..\SafetyCone\R5T.T0179\source\R5T.T0179\R5T.T0179.csproj", "{63D31673-7AB3-4542-8426-03B4FDF0BF61}"
EndProject
Project("{9A19103F-16F7-4668-BE54-9A1E7A4F7556}") = "R5T.T0180", "..\..\..\SafetyCone\R5T.T0180\source\R5T.T0180\R5T.T0180.csproj", "{53DF50BC-E963-467D-B4BB-EAD597CE0B22}"
EndProject
Project("{9A19103F-16F7-4668-BE54-9A1E7A4F7556}") = "R5T.T0181", "..\..\..\SafetyCone\R5T.T0181\source\R5T.T0181\R5T.T0181.csproj", "{29E97D1B-D836-4C69-AD10-4B084810A36C}"
EndProject
Project("{9A19103F-16F7-4668-BE54-9A1E7A4F7556}") = "R5T.T0184", "..\..\..\SafetyCone\R5T.T0184\source\R5T.T0184\R5T.T0184.csproj", "{7CE2DC86-907C-444F-ABFD-701B267FAF0A}"
EndProject
Project("{9A19103F-16F7-4668-BE54-9A1E7A4F7556}") = "R5T.T0185", "..\..\..\SafetyCone\R5T.T0185\source\R5T.T0185\R5T.T0185.csproj", "{7EDA3878-F91B-446E-BF29-57DB9F56700B}"
EndProject
Project("{9A19103F-16F7-4668-BE54-9A1E7A4F7556}") = "R5T.T0186", "..\..\..\SafetyCone\R5T.T0186\source\R5T.T0186\R5T.T0186.csproj", "{CA63CAA3-0265-4FDD-96E3-D2D9D7AC812E}"
EndProject
Project("{9A19103F-16F7-4668-BE54-9A1E7A4F7556}") = "R5T.T0187", "..\..\..\SafetyCone\R5T.T0187\source\R5T.T0187\R5T.T0187.csproj", "{A3F2264B-E1AA-4821-9D82-70D3B59ADD07}"
EndProject
Project("{9A19103F-16F7-4668-BE54-9A1E7A4F7556}") = "R5T.T0196", "..\..\..\SafetyCone\R5T.T0196\source\R5T.T0196\R5T.T0196.csproj", "{5B568E2F-EA9E-4542-B1D0-BD3CC48DFE00}"
EndProject
Project("{9A19103F-16F7-4668-BE54-9A1E7A4F7556}") = "R5T.T0197", "..\..\..\SafetyCone\R5T.T0197\source\R5T.T0197\R5T.T0197.csproj", "{C5825F11-04B1-41B5-90C6-C0A54393C77F}"
EndProject
Project("{9A19103F-16F7-4668-BE54-9A1E7A4F7556}") = "R5T.T0198", "..\..\..\SafetyCone\R5T.T0198\source\R5T.T0198\R5T.T0198.csproj", "{CF69BF6E-4734-4559-9626-C3E35CC0EE74}"
EndProject
Project("{9A19103F-16F7-4668-BE54-9A1E7A4F7556}") = "R5T.T0199.T000", "..\..\..\SafetyCone\R5T.T0199\source\R5T.T0199.T000\R5T.T0199.T000.csproj", "{D10A7EEA-F763-404D-BAEF-310DDA492535}"
EndProject
Project("{9A19103F-16F7-4668-BE54-9A1E7A4F7556}") = "R5T.T0199.T001", "..\..\..\SafetyCone\R5T.T0199\source\R5T.T0199.T001\R5T.T0199.T001.csproj", "{3726E765-6F62-4DA7-AE35-E8D41DD3D399}"
EndProject
Project("{9A19103F-16F7-4668-BE54-9A1E7A4F7556}") = "R5T.T0199", "..\..\..\SafetyCone\R5T.T0199\source\R5T.T0199\R5T.T0199.csproj", "{BCE66EBD-40A9-47BA-ADDA-8F015CBE1845}"
EndProject
Project("{9A19103F-16F7-4668-BE54-9A1E7A4F7556}") = "R5T.T0200", "..\..\..\SafetyCone\R5T.T0200\source\R5T.T0200\R5T.T0200.csproj", "{6CDA57F0-0A2B-4FBC-8F01-E7B4EA867FF2}"
EndProject
Project("{9A19103F-16F7-4668-BE54-9A1E7A4F7556}") = "R5T.T0203", "..\..\..\SafetyCone\R5T.T0203\source\R5T.T0203\R5T.T0203.csproj", "{9AD09EBA-E5BA-4794-A059-76DB6CB7E08F}"
EndProject
Project("{9A19103F-16F7-4668-BE54-9A1E7A4F7556}") = "R5T.T0213", "..\..\..\SafetyCone\R5T.T0213\source\R5T.T0213\R5T.T0213.csproj", "{114026DD-F7BF-42E0-9917-84789A34DA14}"
EndProject
Project("{9A19103F-16F7-4668-BE54-9A1E7A4F7556}") = "R5T.T0214.Z001", "..\..\..\SafetyCone\R5T.T0214\source\R5T.T0214.Z001\R5T.T0214.Z001.csproj", "{F60ADCFD-A1E4-4DC2-A2E2-9E782B3BA7F4}"
EndProject
Project("{9A19103F-16F7-4668-BE54-9A1E7A4F7556}") = "R5T.T0214", "..\..\..\SafetyCone\R5T.T0214\source\R5T.T0214\R5T.T0214.csproj", "{7703CE32-0FEF-4B12-AEE0-156885B5655C}"
EndProject
Project("{9A19103F-16F7-4668-BE54-9A1E7A4F7556}") = "R5T.T0215.Z000", "..\..\..\SafetyCone\R5T.T0215\source\R5T.T0215.Z000\R5T.T0215.Z000.csproj", "{044DD01A-579B-450A-A7D9-FAEF536FD004}"
EndProject
Project("{9A19103F-16F7-4668-BE54-9A1E7A4F7556}") = "R5T.T0215", "..\..\..\SafetyCone\R5T.T0215\source\R5T.T0215\R5T.T0215.csproj", "{8267555D-FF6D-482E-AC23-C714A0AA9119}"
EndProject
Project("{9A19103F-16F7-4668-BE54-9A1E7A4F7556}") = "R5T.T0216.F001", "..\..\..\SafetyCone\R5T.T0216\source\R5T.T0216.F001\R5T.T0216.F001.csproj", "{705F8898-5E0D-433C-8A4A-445E713B46F7}"
EndProject
Project("{9A19103F-16F7-4668-BE54-9A1E7A4F7556}") = "R5T.T0216", "..\..\..\SafetyCone\R5T.T0216\source\R5T.T0216\R5T.T0216.csproj", "{908AA2E2-96B2-4A5D-9B94-EEE93E35DC5F}"
EndProject
Project("{9A19103F-16F7-4668-BE54-9A1E7A4F7556}") = "R5T.T0217.F001", "..\..\..\SafetyCone\R5T.T0217\source\R5T.T0217.F001\R5T.T0217.F001.csproj", "{7DD595B3-1601-4F1E-B2F1-10AFD3597A59}"
EndProject
Project("{9A19103F-16F7-4668-BE54-9A1E7A4F7556}") = "R5T.T0217", "..\..\..\SafetyCone\R5T.T0217\source\R5T.T0217\R5T.T0217.csproj", "{82C68F79-506E-404E-B6A9-10D85A0EF5D2}"
EndProject
Project("{9A19103F-16F7-4668-BE54-9A1E7A4F7556}") = "R5T.T0218", "..\..\..\SafetyCone\R5T.T0218\source\R5T.T0218\R5T.T0218.csproj", "{8A276A78-EEBF-47F3-A254-924FEC0D33AD}"
EndProject
Project("{9A19103F-16F7-4668-BE54-9A1E7A4F7556}") = "R5T.T0219", "..\..\..\SafetyCone\R5T.T0219\source\R5T.T0219\R5T.T0219.csproj", "{E89297E0-68D0-412B-A9B2-233B1B1FCB4B}"
EndProject
Project("{9A19103F-16F7-4668-BE54-9A1E7A4F7556}") = "R5T.T0220", "..\..\..\SafetyCone\R5T.T0220\source\R5T.T0220\R5T.T0220.csproj", "{854226A6-A96F-41F5-A70A-C350BB2C0419}"
EndProject
Project("{9A19103F-16F7-4668-BE54-9A1E7A4F7556}") = "R5T.T0221", "..\..\..\SafetyCone\R5T.T0221\source\R5T.T0221\R5T.T0221.csproj", "{164CC6BF-C6FC-4838-B55F-0C177607C18C}"
EndProject
Project("{9A19103F-16F7-4668-BE54-9A1E7A4F7556}") = "R5T.T0224", "..\..\..\SafetyCone\R5T.T0224\source\R5T.T0224\R5T.T0224.csproj", "{4BBE877F-AC7D-4651-818A-FA59AE88ED53}"
EndProject
Project("{9A19103F-16F7-4668-BE54-9A1E7A4F7556}") = "R5T.T0227", "..\..\..\SafetyCone\R5T.T0227\source\R5T.T0227\R5T.T0227.csproj", "{D0437540-254E-4E9B-B9FC-29DBAD9F04B1}"
EndProject
Project("{9A19103F-16F7-4668-BE54-9A1E7A4F7556}") = "R5T.Y0000", "..\..\..\SafetyCone\R5T.Y0000\source\R5T.Y0000\R5T.Y0000.csproj", "{C1C24DDB-77EA-470F-9CE5-A0FB5480760B}"
EndProject
Project("{9A19103F-16F7-4668-BE54-9A1E7A4F7556}") = "R5T.Z0000", "..\..\..\SafetyCone\R5T.Z0000\source\R5T.Z0000\R5T.Z0000.csproj", "{3888C568-864B-4B3E-A7CE-1E75BF3583CC}"
EndProject
Project("{9A19103F-16F7-4668-BE54-9A1E7A4F7556}") = "R5T.Z0010.Platform", "..\..\..\SafetyCone\R5T.Z0010\source\R5T.Z0010.Platform\R5T.Z0010.Platform.csproj", "{CC7F3547-E3AE-4FA7-837D-80E613A60203}"
EndProject
Project("{9A19103F-16F7-4668-BE54-9A1E7A4F7556}") = "R5T.Z0010", "..\..\..\SafetyCone\R5T.Z0010\source\R5T.Z0010\R5T.Z0010.csproj", "{24FB9E5A-66B7-43DC-9A84-AE2B06FC2B0C}"
EndProject
Project("{9A19103F-16F7-4668-BE54-9A1E7A4F7556}") = "R5T.Z0012", "..\..\..\SafetyCone\R5T.Z0012\source\R5T.Z0012\R5T.Z0012.csproj", "{366E67CD-EAB8-48B7-8449-11649C8F25FF}"
EndProject
Project("{9A19103F-16F7-4668-BE54-9A1E7A4F7556}") = "R5T.Z0044.Z000", "..\..\..\SafetyCone\R5T.Z0044\source\R5T.Z0044.Z000\R5T.Z0044.Z000.csproj", "{C2538364-D9DD-49FF-AF5E-862F16D2D045}"
EndProject
Project("{9A19103F-16F7-4668-BE54-9A1E7A4F7556}") = "R5T.Z0046.Platform", "..\..\..\SafetyCone\R5T.Z0046\source\R5T.Z0046.Platform\R5T.Z0046.Platform.csproj", "{32043B43-2A2F-44BA-B588-B9E9CB20D3EC}"
EndProject
Project("{9A19103F-16F7-4668-BE54-9A1E7A4F7556}") = "R5T.Z0046", "..\..\..\SafetyCone\R5T.Z0046\source\R5T.Z0046\R5T.Z0046.csproj", "{BFAD9AAD-5B42-408F-8DDA-0EAC8E8A0F0F}"
EndProject
Project("{9A19103F-16F7-4668-BE54-9A1E7A4F7556}") = "R5T.Z0057.Platform", "..\..\..\SafetyCone\R5T.Z0057\source\R5T.Z0057.Platform\R5T.Z0057.Platform.csproj", "{593EAC3B-DCE6-49A3-9C61-01374070A3D5}"
EndProject
Project("{9A19103F-16F7-4668-BE54-9A1E7A4F7556}") = "R5T.Z0057", "..\..\..\SafetyCone\R5T.Z0057\source\R5T.Z0057\R5T.Z0057.csproj", "{161C7839-1EE4-4BE6-97E7-91BF2DE15F58}"
EndProject
Project("{9A19103F-16F7-4668-BE54-9A1E7A4F7556}") = "R5T.Z0058", "..\..\..\SafetyCone\R5T.Z0058\source\R5T.Z0058\R5T.Z0058.csproj", "{81ADCAEB-F628-4AB9-B51F-E4A96112BBA3}"
EndProject
Project("{9A19103F-16F7-4668-BE54-9A1E7A4F7556}") = "R5T.Z0063.Platform", "..\..\..\SafetyCone\R5T.Z0063\source\R5T.Z0063.Platform\R5T.Z0063.Platform.csproj", "{E99BC4B4-05FE-4AB8-962A-928D24DD1E3B}"
EndProject
Project("{9A19103F-16F7-4668-BE54-9A1E7A4F7556}") = "R5T.Z0063", "..\..\..\SafetyCone\R5T.Z0063\source\R5T.Z0063\R5T.Z0063.csproj", "{9055C935-04F3-424F-AE14-7FDC5F923F66}"
EndProject
Project("{9A19103F-16F7-4668-BE54-9A1E7A4F7556}") = "R5T.L0073.F000", "..\..\..\SafetyCone\R5T.L0073\source\R5T.L0073.F000\R5T.L0073.F000.csproj", "{822704CC-F860-4A99-AE73-48AE3472A275}"
EndProject
Project("{9A19103F-16F7-4668-BE54-9A1E7A4F7556}") = "R5T.L0073", "..\..\..\SafetyCone\R5T.L0073\source\R5T.L0073\R5T.L0073.csproj", "{DF8F2E57-1F40-4570-B410-EE9C49600D11}"
EndProject
Project("{9A19103F-16F7-4668-BE54-9A1E7A4F7556}") = "R5T.L0074", "..\..\..\SafetyCone\R5T.L0074\source\R5T.L0074\R5T.L0074.csproj", "{7B5CFF0D-9D02-40CD-99B0-83821AD0F9A2}"
EndProject
Project("{9A19103F-16F7-4668-BE54-9A1E7A4F7556}") = "R5T.L0073.F001", "..\..\..\SafetyCone\R5T.L0073\source\R5T.L0073.F001\R5T.L0073.F001.csproj", "{233D956D-F954-44D0-9923-0B0AA215FFCC}"
EndProject
Project("{9A19103F-16F7-4668-BE54-9A1E7A4F7556}") = "R5T.L0073.Y000", "..\..\..\SafetyCone\R5T.L0073\source\R5T.L0073.Y000\R5T.L0073.Y000.csproj", "{3884B397-FC6B-4800-AC4E-6404F557941D}"
EndProject
Project("{9A19103F-16F7-4668-BE54-9A1E7A4F7556}") = "R5T.L0073.Z001", "..\..\..\SafetyCone\R5T.L0073\source\R5T.L0073.Z001\R5T.L0073.Z001.csproj", "{E264550F-952A-454F-A5F5-EF7F7E5C7EC6}"
EndProject
Project("{9A19103F-16F7-4668-BE54-9A1E7A4F7556}") = "R5T.Z0064.Z000", "..\..\..\SafetyCone\R5T.Z0064\source\R5T.Z0064.Z000\R5T.Z0064.Z000.csproj", "{D5687596-FA71-4470-9A7C-BD39CAE480DF}"
EndProject
Project("{9A19103F-16F7-4668-BE54-9A1E7A4F7556}") = "R5T.L0073.O001", "..\..\..\SafetyCone\R5T.L0073\source\R5T.L0073.O001\R5T.L0073.O001.csproj", "{DACBFEB4-D174-4E5E-B98F-DFCD6068D3D5}"
EndProject
Project("{9A19103F-16F7-4668-BE54-9A1E7A4F7556}") = "R5T.L0073.O002", "..\..\..\SafetyCone\R5T.L0073\source\R5T.L0073.O002\R5T.L0073.O002.csproj", "{59CBDD80-C45B-4F61-BD9D-8A288CBAE72F}"
EndProject
Project("{9A19103F-16F7-4668-BE54-9A1E7A4F7556}") = "R5T.L0073.T001", "..\..\..\SafetyCone\R5T.L0073\source\R5T.L0073.T001\R5T.L0073.T001.csproj", "{67631B9D-D78C-453A-8CCF-764CBD654BD7}"
EndProject
Project("{9A19103F-16F7-4668-BE54-9A1E7A4F7556}") = "R5T.L0073.T002", "..\..\..\SafetyCone\R5T.L0073\source\R5T.L0073.T002\R5T.L0073.T002.csproj", "{404D06A5-F622-453A-B993-2D28C0B1D091}"
EndProject
Project("{9A19103F-16F7-4668-BE54-9A1E7A4F7556}") = "R5T.T0137", "..\..\..\SafetyCone\R5T.T0137\source\R5T.T0137\R5T.T0137.csproj", "{4E87B9D3-3D60-493C-8093-87E2B1FCED95}"
EndProject
Project("{9A19103F-16F7-4668-BE54-9A1E7A4F7556}") = "R5T.L0073.Z002", "..\..\..\SafetyCone\R5T.L0073\source\R5T.L0073.Z002\R5T.L0073.Z002.csproj", "{D3E29046-F78A-4C70-A595-ACB59F82744E}"
EndProject
Project("{9A19103F-16F7-4668-BE54-9A1E7A4F7556}") = "R5T.L0073.F002", "..\..\..\SafetyCone\R5T.L0073\source\R5T.L0073.F002\R5T.L0073.F002.csproj", "{6D9B7ECE-D33C-44FF-80E9-76B8ADEB14A7}"
EndProject
Project("{9A19103F-16F7-4668-BE54-9A1E7A4F7556}") = "R5T.L0089.F000", "..\..\..\SafetyCone\R5T.L0089\source\R5T.L0089.F000\R5T.L0089.F000.csproj", "{4A18A9F8-F432-4C35-90BF-D13864345B96}"
EndProject
Project("{9A19103F-16F7-4668-BE54-9A1E7A4F7556}") = "R5T.L0089.T000", "..\..\..\SafetyCone\R5T.L0089\source\R5T.L0089.T000\R5T.L0089.T000.csproj", "{D8EEB0CF-B85D-4D36-B884-5E848AF35E33}"
EndProject
Project("{9A19103F-16F7-4668-BE54-9A1E7A4F7556}") = "R5T.L0089", "..\..\..\SafetyCone\R5T.L0089\source\R5T.L0089\R5T.L0089.csproj", "{6302B2C6-0ADC-426A-914F-498EF6D562B5}"
EndProject
Project("{9A19103F-16F7-4668-BE54-9A1E7A4F7556}") = "R5T.T0240", "..\..\..\SafetyCone\R5T.T0240\source\R5T.T0240\R5T.T0240.csproj", "{D71D7CCB-91A2-4576-894C-43F5E74B160E}"
EndProject
Project("{9A19103F-16F7-4668-BE54-9A1E7A4F7556}") = "R5T.T0241", "..\..\..\SafetyCone\R5T.T0241\source\R5T.T0241\R5T.T0241.csproj", "{92A24875-9A23-40A6-91C8-A3A09ECF92B4}"
EndProject
Project("{9A19103F-16F7-4668-BE54-9A1E7A4F7556}") = "R5T.L0091.T000", "..\..\..\SafetyCone\R5T.L0091\source\R5T.L0091.T000\R5T.L0091.T000.csproj", "{2AE2626F-F84F-4C68-90D8-6F82DD2A0120}"
EndProject
Project("{9A19103F-16F7-4668-BE54-9A1E7A4F7556}") = "R5T.T0244", "..\..\..\SafetyCone\R5T.T0244\source\R5T.T0244\R5T.T0244.csproj", "{F6ED0989-07DD-4C1D-A737-DC24887F292F}"
EndProject
Project("{9A19103F-16F7-4668-BE54-9A1E7A4F7556}") = "R5T.L0092.T001", "..\..\..\SafetyCone\R5T.L0092\source\R5T.L0092.T001\R5T.L0092.T001.csproj", "{7A4CCEC3-7103-4314-AC44-73510A4FD001}"
EndProject
Project("{9A19103F-16F7-4668-BE54-9A1E7A4F7556}") = "R5T.L0093.O000", "..\..\..\SafetyCone\R5T.L0093\source\R5T.L0093.O000\R5T.L0093.O000.csproj", "{515B6972-B2A3-423A-81C4-B4656BD6C1FC}"
EndProject
Project("{9A19103F-16F7-4668-BE54-9A1E7A4F7556}") = "R5T.L0093.T000", "..\..\..\SafetyCone\R5T.L0093\source\R5T.L0093.T000\R5T.L0093.T000.csproj", "{1EDFE30F-8110-4FB5-BB77-17F76A5C87FF}"
EndProject
Project("{9A19103F-16F7-4668-BE54-9A1E7A4F7556}") = "R5T.L0093", "..\..\..\SafetyCone\R5T.L0093\source\R5T.L0093\R5T.L0093.csproj", "{EF888D0C-DCDE-49A7-9885-B6018941776F}"
EndProject
Global
	GlobalSection(NestedProjects) = preSolution
		{465D313D-C9BF-4278-895B-8660249DF55E} = {3C80E7EC-27FC-44AF-9686-AB523C484678}
		{A00222B3-8FC6-4795-8901-7E69C72282C7} = {3C80E7EC-27FC-44AF-9686-AB523C484678}
		{415303FA-6FC5-486B-BAD0-5F0C4A44ECE7} = {3C80E7EC-27FC-44AF-9686-AB523C484678}
		{2446668A-4253-4DF3-948D-4938139DF97F} = {3C80E7EC-27FC-44AF-9686-AB523C484678}
		{200F6012-5086-4256-92B4-3B99F2D18F86} = {3C80E7EC-27FC-44AF-9686-AB523C484678}
		{D1D69F32-92DC-410E-8B2C-F29F2D429E3E} = {3C80E7EC-27FC-44AF-9686-AB523C484678}
		{C1CD81A3-0409-4F92-93EB-A7A032815B42} = {3C80E7EC-27FC-44AF-9686-AB523C484678}
		{1029CEC8-9C93-466D-9B89-094C9630FBBA} = {3C80E7EC-27FC-44AF-9686-AB523C484678}
		{353346A8-53EB-4415-B8FB-F109C7F585A2} = {3C80E7EC-27FC-44AF-9686-AB523C484678}
		{7B596128-7D70-436D-84DD-AD349FF9A6AA} = {3C80E7EC-27FC-44AF-9686-AB523C484678}
		{9759159D-D115-4F5E-BFED-3DF6A54E92AB} = {3C80E7EC-27FC-44AF-9686-AB523C484678}
		{CE607328-C24A-4C28-85E2-EC43419872FF} = {3C80E7EC-27FC-44AF-9686-AB523C484678}
		{16B78932-FD8E-4652-B73B-F892BD2D7AE7} = {3C80E7EC-27FC-44AF-9686-AB523C484678}
		{3C029516-B8D2-42B6-8B84-693FD2670D78} = {3C80E7EC-27FC-44AF-9686-AB523C484678}
		{D281A581-10C8-4B09-903A-F4A57F407779} = {3C80E7EC-27FC-44AF-9686-AB523C484678}
		{DC28BB40-0484-402D-93EB-1F61C89061E3} = {3C80E7EC-27FC-44AF-9686-AB523C484678}
		{41597F17-4687-45CD-8FF3-02F3E113864C} = {3C80E7EC-27FC-44AF-9686-AB523C484678}
		{F8A0D8E9-BDEC-4C38-A72D-B73854B92897} = {3C80E7EC-27FC-44AF-9686-AB523C484678}
		{2908A01F-DA94-40A0-B233-14DE2002CE00} = {3C80E7EC-27FC-44AF-9686-AB523C484678}
		{3A13BE98-0E20-42F2-A11F-9858F61EF40B} = {3C80E7EC-27FC-44AF-9686-AB523C484678}
		{BF25BA91-1CE2-4978-AE39-780E6F771669} = {3C80E7EC-27FC-44AF-9686-AB523C484678}
		{78A82B30-9AA4-4A30-97DC-4B6D1BAE32B5} = {3C80E7EC-27FC-44AF-9686-AB523C484678}
		{5B578FDE-065B-43D5-840A-520F6206AD6C} = {3C80E7EC-27FC-44AF-9686-AB523C484678}
		{8C87C893-65EF-41F7-A3D8-E3F58CAC2239} = {3C80E7EC-27FC-44AF-9686-AB523C484678}
		{84783EB5-7CA3-4ACF-A79A-59287A79094C} = {3C80E7EC-27FC-44AF-9686-AB523C484678}
		{B02F694A-ABEB-4490-B727-3AF3C730DE40} = {3C80E7EC-27FC-44AF-9686-AB523C484678}
		{E03CDCF2-C7A4-4A16-ABD1-ABD8455B847E} = {3C80E7EC-27FC-44AF-9686-AB523C484678}
		{8D1E760C-9670-4248-B1CA-6FD0FEF82F7C} = {3C80E7EC-27FC-44AF-9686-AB523C484678}
		{21F73B15-2DE4-4E02-8262-88BFF81A990E} = {3C80E7EC-27FC-44AF-9686-AB523C484678}
		{7FEBC69A-9C7A-4CF8-831B-919461107CDC} = {3C80E7EC-27FC-44AF-9686-AB523C484678}
		{722F1571-A7CC-47AD-B3F7-1B65135C85EF} = {3C80E7EC-27FC-44AF-9686-AB523C484678}
		{9E6E1249-5E7D-4FB1-BF33-9D14B649225D} = {3C80E7EC-27FC-44AF-9686-AB523C484678}
		{8A7333E9-4122-4292-9774-B88C16C29952} = {3C80E7EC-27FC-44AF-9686-AB523C484678}
		{F7805A28-FBD9-42BB-9884-F5DE002BE583} = {3C80E7EC-27FC-44AF-9686-AB523C484678}
		{39BFC3A2-E068-4CD3-BBCB-F63F9870129C} = {3C80E7EC-27FC-44AF-9686-AB523C484678}
		{808548D9-0565-4F87-A03E-EE1CAB03FD4F} = {3C80E7EC-27FC-44AF-9686-AB523C484678}
		{7065EFE2-9BD2-4D5E-AF20-9E86D8BC6EA1} = {3C80E7EC-27FC-44AF-9686-AB523C484678}
		{6DA1DD08-DF0D-4313-A1DE-29D881226DDA} = {3C80E7EC-27FC-44AF-9686-AB523C484678}
		{94034E5E-B4FF-4227-8372-1526A09C83A8} = {3C80E7EC-27FC-44AF-9686-AB523C484678}
		{59E2BF9F-3572-4631-8EE5-9F448FAA57A4} = {3C80E7EC-27FC-44AF-9686-AB523C484678}
		{CEBBBB42-1208-4CCF-AD96-042F7DC74E49} = {3C80E7EC-27FC-44AF-9686-AB523C484678}
		{403753AD-0402-4311-9E30-358AC5DBE9E9} = {3C80E7EC-27FC-44AF-9686-AB523C484678}
		{275C354E-B54A-4449-8F95-1E610ED3625B} = {3C80E7EC-27FC-44AF-9686-AB523C484678}
		{5528E1DD-3D2A-4AA6-B6F2-0CA1BE991A3B} = {3C80E7EC-27FC-44AF-9686-AB523C484678}
		{118EE242-6D81-4480-BEBA-D37431D44D8D} = {3C80E7EC-27FC-44AF-9686-AB523C484678}
		{563897DA-43D7-4EA6-86C3-69938A3882CC} = {3C80E7EC-27FC-44AF-9686-AB523C484678}
		{32D880AD-D80B-4D79-BA1C-024A456DBD55} = {3C80E7EC-27FC-44AF-9686-AB523C484678}
		{EEB47ED3-8805-49D7-A363-F115501F3276} = {3C80E7EC-27FC-44AF-9686-AB523C484678}
		{49188EA1-9A11-4ED4-A322-7E3D3F63E235} = {3C80E7EC-27FC-44AF-9686-AB523C484678}
		{57E1E677-2CD8-4232-9C78-8E4934978519} = {3C80E7EC-27FC-44AF-9686-AB523C484678}
		{9EC379DB-BD77-4FE8-9903-7FE721C555CC} = {3C80E7EC-27FC-44AF-9686-AB523C484678}
		{067CF720-0773-49E4-99A8-A06E4854A179} = {3C80E7EC-27FC-44AF-9686-AB523C484678}
		{CA653C34-1BAC-4C23-B7D8-1CAC0F17E6F4} = {3C80E7EC-27FC-44AF-9686-AB523C484678}
		{807A4499-ED22-4886-BA80-8B5B8B2040E6} = {3C80E7EC-27FC-44AF-9686-AB523C484678}
		{C66012EA-93AE-4B60-B7D0-9F4AC18029CD} = {3C80E7EC-27FC-44AF-9686-AB523C484678}
		{475DC5BF-6D2E-460B-BD33-3B1A95DF7D01} = {3C80E7EC-27FC-44AF-9686-AB523C484678}
		{0D7F06F3-CE6B-4088-A66B-302D864319A3} = {3C80E7EC-27FC-44AF-9686-AB523C484678}
		{AE160C24-6D39-4DB0-ACB3-43714C28EADC} = {3C80E7EC-27FC-44AF-9686-AB523C484678}
		{34AA729E-9D50-4468-B33D-16355EBABE9F} = {3C80E7EC-27FC-44AF-9686-AB523C484678}
		{9C271954-9323-4E10-A921-39E3083D8582} = {3C80E7EC-27FC-44AF-9686-AB523C484678}
		{6B5BE334-60AD-45F8-806E-0F419CC54C42} = {3C80E7EC-27FC-44AF-9686-AB523C484678}
		{63D31673-7AB3-4542-8426-03B4FDF0BF61} = {3C80E7EC-27FC-44AF-9686-AB523C484678}
		{53DF50BC-E963-467D-B4BB-EAD597CE0B22} = {3C80E7EC-27FC-44AF-9686-AB523C484678}
		{29E97D1B-D836-4C69-AD10-4B084810A36C} = {3C80E7EC-27FC-44AF-9686-AB523C484678}
		{7CE2DC86-907C-444F-ABFD-701B267FAF0A} = {3C80E7EC-27FC-44AF-9686-AB523C484678}
		{7EDA3878-F91B-446E-BF29-57DB9F56700B} = {3C80E7EC-27FC-44AF-9686-AB523C484678}
		{CA63CAA3-0265-4FDD-96E3-D2D9D7AC812E} = {3C80E7EC-27FC-44AF-9686-AB523C484678}
		{A3F2264B-E1AA-4821-9D82-70D3B59ADD07} = {3C80E7EC-27FC-44AF-9686-AB523C484678}
		{5B568E2F-EA9E-4542-B1D0-BD3CC48DFE00} = {3C80E7EC-27FC-44AF-9686-AB523C484678}
		{C5825F11-04B1-41B5-90C6-C0A54393C77F} = {3C80E7EC-27FC-44AF-9686-AB523C484678}
		{CF69BF6E-4734-4559-9626-C3E35CC0EE74} = {3C80E7EC-27FC-44AF-9686-AB523C484678}
		{D10A7EEA-F763-404D-BAEF-310DDA492535} = {3C80E7EC-27FC-44AF-9686-AB523C484678}
		{3726E765-6F62-4DA7-AE35-E8D41DD3D399} = {3C80E7EC-27FC-44AF-9686-AB523C484678}
		{BCE66EBD-40A9-47BA-ADDA-8F015CBE1845} = {3C80E7EC-27FC-44AF-9686-AB523C484678}
		{6CDA57F0-0A2B-4FBC-8F01-E7B4EA867FF2} = {3C80E7EC-27FC-44AF-9686-AB523C484678}
		{9AD09EBA-E5BA-4794-A059-76DB6CB7E08F} = {3C80E7EC-27FC-44AF-9686-AB523C484678}
		{114026DD-F7BF-42E0-9917-84789A34DA14} = {3C80E7EC-27FC-44AF-9686-AB523C484678}
		{F60ADCFD-A1E4-4DC2-A2E2-9E782B3BA7F4} = {3C80E7EC-27FC-44AF-9686-AB523C484678}
		{7703CE32-0FEF-4B12-AEE0-156885B5655C} = {3C80E7EC-27FC-44AF-9686-AB523C484678}
		{044DD01A-579B-450A-A7D9-FAEF536FD004} = {3C80E7EC-27FC-44AF-9686-AB523C484678}
		{8267555D-FF6D-482E-AC23-C714A0AA9119} = {3C80E7EC-27FC-44AF-9686-AB523C484678}
		{705F8898-5E0D-433C-8A4A-445E713B46F7} = {3C80E7EC-27FC-44AF-9686-AB523C484678}
		{908AA2E2-96B2-4A5D-9B94-EEE93E35DC5F} = {3C80E7EC-27FC-44AF-9686-AB523C484678}
		{7DD595B3-1601-4F1E-B2F1-10AFD3597A59} = {3C80E7EC-27FC-44AF-9686-AB523C484678}
		{82C68F79-506E-404E-B6A9-10D85A0EF5D2} = {3C80E7EC-27FC-44AF-9686-AB523C484678}
		{8A276A78-EEBF-47F3-A254-924FEC0D33AD} = {3C80E7EC-27FC-44AF-9686-AB523C484678}
		{E89297E0-68D0-412B-A9B2-233B1B1FCB4B} = {3C80E7EC-27FC-44AF-9686-AB523C484678}
		{854226A6-A96F-41F5-A70A-C350BB2C0419} = {3C80E7EC-27FC-44AF-9686-AB523C484678}
		{164CC6BF-C6FC-4838-B55F-0C177607C18C} = {3C80E7EC-27FC-44AF-9686-AB523C484678}
		{4BBE877F-AC7D-4651-818A-FA59AE88ED53} = {3C80E7EC-27FC-44AF-9686-AB523C484678}
		{D0437540-254E-4E9B-B9FC-29DBAD9F04B1} = {3C80E7EC-27FC-44AF-9686-AB523C484678}
		{C1C24DDB-77EA-470F-9CE5-A0FB5480760B} = {3C80E7EC-27FC-44AF-9686-AB523C484678}
		{3888C568-864B-4B3E-A7CE-1E75BF3583CC} = {3C80E7EC-27FC-44AF-9686-AB523C484678}
		{CC7F3547-E3AE-4FA7-837D-80E613A60203} = {3C80E7EC-27FC-44AF-9686-AB523C484678}
		{24FB9E5A-66B7-43DC-9A84-AE2B06FC2B0C} = {3C80E7EC-27FC-44AF-9686-AB523C484678}
		{366E67CD-EAB8-48B7-8449-11649C8F25FF} = {3C80E7EC-27FC-44AF-9686-AB523C484678}
		{C2538364-D9DD-49FF-AF5E-862F16D2D045} = {3C80E7EC-27FC-44AF-9686-AB523C484678}
		{32043B43-2A2F-44BA-B588-B9E9CB20D3EC} = {3C80E7EC-27FC-44AF-9686-AB523C484678}
		{BFAD9AAD-5B42-408F-8DDA-0EAC8E8A0F0F} = {3C80E7EC-27FC-44AF-9686-AB523C484678}
		{593EAC3B-DCE6-49A3-9C61-01374070A3D5} = {3C80E7EC-27FC-44AF-9686-AB523C484678}
		{161C7839-1EE4-4BE6-97E7-91BF2DE15F58} = {3C80E7EC-27FC-44AF-9686-AB523C484678}
		{81ADCAEB-F628-4AB9-B51F-E4A96112BBA3} = {3C80E7EC-27FC-44AF-9686-AB523C484678}
		{E99BC4B4-05FE-4AB8-962A-928D24DD1E3B} = {3C80E7EC-27FC-44AF-9686-AB523C484678}
		{9055C935-04F3-424F-AE14-7FDC5F923F66} = {3C80E7EC-27FC-44AF-9686-AB523C484678}
		{822704CC-F860-4A99-AE73-48AE3472A275} = {3C80E7EC-27FC-44AF-9686-AB523C484678}
		{DF8F2E57-1F40-4570-B410-EE9C49600D11} = {3C80E7EC-27FC-44AF-9686-AB523C484678}
		{7B5CFF0D-9D02-40CD-99B0-83821AD0F9A2} = {3C80E7EC-27FC-44AF-9686-AB523C484678}
		{233D956D-F954-44D0-9923-0B0AA215FFCC} = {3C80E7EC-27FC-44AF-9686-AB523C484678}
		{3884B397-FC6B-4800-AC4E-6404F557941D} = {3C80E7EC-27FC-44AF-9686-AB523C484678}
		{E264550F-952A-454F-A5F5-EF7F7E5C7EC6} = {3C80E7EC-27FC-44AF-9686-AB523C484678}
		{D5687596-FA71-4470-9A7C-BD39CAE480DF} = {3C80E7EC-27FC-44AF-9686-AB523C484678}
		{DACBFEB4-D174-4E5E-B98F-DFCD6068D3D5} = {3C80E7EC-27FC-44AF-9686-AB523C484678}
		{59CBDD80-C45B-4F61-BD9D-8A288CBAE72F} = {3C80E7EC-27FC-44AF-9686-AB523C484678}
		{67631B9D-D78C-453A-8CCF-764CBD654BD7} = {3C80E7EC-27FC-44AF-9686-AB523C484678}
		{404D06A5-F622-453A-B993-2D28C0B1D091} = {3C80E7EC-27FC-44AF-9686-AB523C484678}
		{4E87B9D3-3D60-493C-8093-87E2B1FCED95} = {3C80E7EC-27FC-44AF-9686-AB523C484678}
		{D3E29046-F78A-4C70-A595-ACB59F82744E} = {3C80E7EC-27FC-44AF-9686-AB523C484678}
		{6D9B7ECE-D33C-44FF-80E9-76B8ADEB14A7} = {3C80E7EC-27FC-44AF-9686-AB523C484678}
		{4A18A9F8-F432-4C35-90BF-D13864345B96} = {3C80E7EC-27FC-44AF-9686-AB523C484678}
		{D8EEB0CF-B85D-4D36-B884-5E848AF35E33} = {3C80E7EC-27FC-44AF-9686-AB523C484678}
		{6302B2C6-0ADC-426A-914F-498EF6D562B5} = {3C80E7EC-27FC-44AF-9686-AB523C484678}
		{D71D7CCB-91A2-4576-894C-43F5E74B160E} = {3C80E7EC-27FC-44AF-9686-AB523C484678}
		{92A24875-9A23-40A6-91C8-A3A09ECF92B4} = {3C80E7EC-27FC-44AF-9686-AB523C484678}
		{2AE2626F-F84F-4C68-90D8-6F82DD2A0120} = {3C80E7EC-27FC-44AF-9686-AB523C484678}
		{F6ED0989-07DD-4C1D-A737-DC24887F292F} = {3C80E7EC-27FC-44AF-9686-AB523C484678}
		{7A4CCEC3-7103-4314-AC44-73510A4FD001} = {3C80E7EC-27FC-44AF-9686-AB523C484678}
		{515B6972-B2A3-423A-81C4-B4656BD6C1FC} = {3C80E7EC-27FC-44AF-9686-AB523C484678}
		{1EDFE30F-8110-4FB5-BB77-17F76A5C87FF} = {3C80E7EC-27FC-44AF-9686-AB523C484678}
		{EF888D0C-DCDE-49A7-9885-B6018941776F} = {3C80E7EC-27FC-44AF-9686-AB523C484678}
	EndGlobalSection
	GlobalSection(SolutionConfigurationPlatforms) = preSolution
		Debug|Any CPU = Debug|Any CPU
		Release|Any CPU = Release|Any CPU
	EndGlobalSection
	GlobalSection(ProjectConfigurationPlatforms) = postSolution
		{5161D801-2306-4122-B700-808FDF73D29A}.Debug|Any CPU.ActiveCfg = Debug|Any CPU
		{5161D801-2306-4122-B700-808FDF73D29A}.Debug|Any CPU.Build.0 = Debug|Any CPU
		{5161D801-2306-4122-B700-808FDF73D29A}.Release|Any CPU.ActiveCfg = Release|Any CPU
		{5161D801-2306-4122-B700-808FDF73D29A}.Release|Any CPU.Build.0 = Release|Any CPU
		{465D313D-C9BF-4278-895B-8660249DF55E}.Debug|Any CPU.ActiveCfg = Debug|Any CPU
		{465D313D-C9BF-4278-895B-8660249DF55E}.Debug|Any CPU.Build.0 = Debug|Any CPU
		{465D313D-C9BF-4278-895B-8660249DF55E}.Release|Any CPU.ActiveCfg = Release|Any CPU
		{465D313D-C9BF-4278-895B-8660249DF55E}.Release|Any CPU.Build.0 = Release|Any CPU
		{A00222B3-8FC6-4795-8901-7E69C72282C7}.Debug|Any CPU.ActiveCfg = Debug|Any CPU
		{A00222B3-8FC6-4795-8901-7E69C72282C7}.Debug|Any CPU.Build.0 = Debug|Any CPU
		{A00222B3-8FC6-4795-8901-7E69C72282C7}.Release|Any CPU.ActiveCfg = Release|Any CPU
		{A00222B3-8FC6-4795-8901-7E69C72282C7}.Release|Any CPU.Build.0 = Release|Any CPU
		{415303FA-6FC5-486B-BAD0-5F0C4A44ECE7}.Debug|Any CPU.ActiveCfg = Debug|Any CPU
		{415303FA-6FC5-486B-BAD0-5F0C4A44ECE7}.Debug|Any CPU.Build.0 = Debug|Any CPU
		{415303FA-6FC5-486B-BAD0-5F0C4A44ECE7}.Release|Any CPU.ActiveCfg = Release|Any CPU
		{415303FA-6FC5-486B-BAD0-5F0C4A44ECE7}.Release|Any CPU.Build.0 = Release|Any CPU
		{2446668A-4253-4DF3-948D-4938139DF97F}.Debug|Any CPU.ActiveCfg = Debug|Any CPU
		{2446668A-4253-4DF3-948D-4938139DF97F}.Debug|Any CPU.Build.0 = Debug|Any CPU
		{2446668A-4253-4DF3-948D-4938139DF97F}.Release|Any CPU.ActiveCfg = Release|Any CPU
		{2446668A-4253-4DF3-948D-4938139DF97F}.Release|Any CPU.Build.0 = Release|Any CPU
		{200F6012-5086-4256-92B4-3B99F2D18F86}.Debug|Any CPU.ActiveCfg = Debug|Any CPU
		{200F6012-5086-4256-92B4-3B99F2D18F86}.Debug|Any CPU.Build.0 = Debug|Any CPU
		{200F6012-5086-4256-92B4-3B99F2D18F86}.Release|Any CPU.ActiveCfg = Release|Any CPU
		{200F6012-5086-4256-92B4-3B99F2D18F86}.Release|Any CPU.Build.0 = Release|Any CPU
		{D1D69F32-92DC-410E-8B2C-F29F2D429E3E}.Debug|Any CPU.ActiveCfg = Debug|Any CPU
		{D1D69F32-92DC-410E-8B2C-F29F2D429E3E}.Debug|Any CPU.Build.0 = Debug|Any CPU
		{D1D69F32-92DC-410E-8B2C-F29F2D429E3E}.Release|Any CPU.ActiveCfg = Release|Any CPU
		{D1D69F32-92DC-410E-8B2C-F29F2D429E3E}.Release|Any CPU.Build.0 = Release|Any CPU
		{C1CD81A3-0409-4F92-93EB-A7A032815B42}.Debug|Any CPU.ActiveCfg = Debug|Any CPU
		{C1CD81A3-0409-4F92-93EB-A7A032815B42}.Debug|Any CPU.Build.0 = Debug|Any CPU
		{C1CD81A3-0409-4F92-93EB-A7A032815B42}.Release|Any CPU.ActiveCfg = Release|Any CPU
		{C1CD81A3-0409-4F92-93EB-A7A032815B42}.Release|Any CPU.Build.0 = Release|Any CPU
		{1029CEC8-9C93-466D-9B89-094C9630FBBA}.Debug|Any CPU.ActiveCfg = Debug|Any CPU
		{1029CEC8-9C93-466D-9B89-094C9630FBBA}.Debug|Any CPU.Build.0 = Debug|Any CPU
		{1029CEC8-9C93-466D-9B89-094C9630FBBA}.Release|Any CPU.ActiveCfg = Release|Any CPU
		{1029CEC8-9C93-466D-9B89-094C9630FBBA}.Release|Any CPU.Build.0 = Release|Any CPU
		{353346A8-53EB-4415-B8FB-F109C7F585A2}.Debug|Any CPU.ActiveCfg = Debug|Any CPU
		{353346A8-53EB-4415-B8FB-F109C7F585A2}.Debug|Any CPU.Build.0 = Debug|Any CPU
		{353346A8-53EB-4415-B8FB-F109C7F585A2}.Release|Any CPU.ActiveCfg = Release|Any CPU
		{353346A8-53EB-4415-B8FB-F109C7F585A2}.Release|Any CPU.Build.0 = Release|Any CPU
		{7B596128-7D70-436D-84DD-AD349FF9A6AA}.Debug|Any CPU.ActiveCfg = Debug|Any CPU
		{7B596128-7D70-436D-84DD-AD349FF9A6AA}.Debug|Any CPU.Build.0 = Debug|Any CPU
		{7B596128-7D70-436D-84DD-AD349FF9A6AA}.Release|Any CPU.ActiveCfg = Release|Any CPU
		{7B596128-7D70-436D-84DD-AD349FF9A6AA}.Release|Any CPU.Build.0 = Release|Any CPU
		{9759159D-D115-4F5E-BFED-3DF6A54E92AB}.Debug|Any CPU.ActiveCfg = Debug|Any CPU
		{9759159D-D115-4F5E-BFED-3DF6A54E92AB}.Debug|Any CPU.Build.0 = Debug|Any CPU
		{9759159D-D115-4F5E-BFED-3DF6A54E92AB}.Release|Any CPU.ActiveCfg = Release|Any CPU
		{9759159D-D115-4F5E-BFED-3DF6A54E92AB}.Release|Any CPU.Build.0 = Release|Any CPU
		{CE607328-C24A-4C28-85E2-EC43419872FF}.Debug|Any CPU.ActiveCfg = Debug|Any CPU
		{CE607328-C24A-4C28-85E2-EC43419872FF}.Debug|Any CPU.Build.0 = Debug|Any CPU
		{CE607328-C24A-4C28-85E2-EC43419872FF}.Release|Any CPU.ActiveCfg = Release|Any CPU
		{CE607328-C24A-4C28-85E2-EC43419872FF}.Release|Any CPU.Build.0 = Release|Any CPU
		{16B78932-FD8E-4652-B73B-F892BD2D7AE7}.Debug|Any CPU.ActiveCfg = Debug|Any CPU
		{16B78932-FD8E-4652-B73B-F892BD2D7AE7}.Debug|Any CPU.Build.0 = Debug|Any CPU
		{16B78932-FD8E-4652-B73B-F892BD2D7AE7}.Release|Any CPU.ActiveCfg = Release|Any CPU
		{16B78932-FD8E-4652-B73B-F892BD2D7AE7}.Release|Any CPU.Build.0 = Release|Any CPU
		{3C029516-B8D2-42B6-8B84-693FD2670D78}.Debug|Any CPU.ActiveCfg = Debug|Any CPU
		{3C029516-B8D2-42B6-8B84-693FD2670D78}.Debug|Any CPU.Build.0 = Debug|Any CPU
		{3C029516-B8D2-42B6-8B84-693FD2670D78}.Release|Any CPU.ActiveCfg = Release|Any CPU
		{3C029516-B8D2-42B6-8B84-693FD2670D78}.Release|Any CPU.Build.0 = Release|Any CPU
		{D281A581-10C8-4B09-903A-F4A57F407779}.Debug|Any CPU.ActiveCfg = Debug|Any CPU
		{D281A581-10C8-4B09-903A-F4A57F407779}.Debug|Any CPU.Build.0 = Debug|Any CPU
		{D281A581-10C8-4B09-903A-F4A57F407779}.Release|Any CPU.ActiveCfg = Release|Any CPU
		{D281A581-10C8-4B09-903A-F4A57F407779}.Release|Any CPU.Build.0 = Release|Any CPU
		{DC28BB40-0484-402D-93EB-1F61C89061E3}.Debug|Any CPU.ActiveCfg = Debug|Any CPU
		{DC28BB40-0484-402D-93EB-1F61C89061E3}.Debug|Any CPU.Build.0 = Debug|Any CPU
		{DC28BB40-0484-402D-93EB-1F61C89061E3}.Release|Any CPU.ActiveCfg = Release|Any CPU
		{DC28BB40-0484-402D-93EB-1F61C89061E3}.Release|Any CPU.Build.0 = Release|Any CPU
		{41597F17-4687-45CD-8FF3-02F3E113864C}.Debug|Any CPU.ActiveCfg = Debug|Any CPU
		{41597F17-4687-45CD-8FF3-02F3E113864C}.Debug|Any CPU.Build.0 = Debug|Any CPU
		{41597F17-4687-45CD-8FF3-02F3E113864C}.Release|Any CPU.ActiveCfg = Release|Any CPU
		{41597F17-4687-45CD-8FF3-02F3E113864C}.Release|Any CPU.Build.0 = Release|Any CPU
		{F8A0D8E9-BDEC-4C38-A72D-B73854B92897}.Debug|Any CPU.ActiveCfg = Debug|Any CPU
		{F8A0D8E9-BDEC-4C38-A72D-B73854B92897}.Debug|Any CPU.Build.0 = Debug|Any CPU
		{F8A0D8E9-BDEC-4C38-A72D-B73854B92897}.Release|Any CPU.ActiveCfg = Release|Any CPU
		{F8A0D8E9-BDEC-4C38-A72D-B73854B92897}.Release|Any CPU.Build.0 = Release|Any CPU
		{2908A01F-DA94-40A0-B233-14DE2002CE00}.Debug|Any CPU.ActiveCfg = Debug|Any CPU
		{2908A01F-DA94-40A0-B233-14DE2002CE00}.Debug|Any CPU.Build.0 = Debug|Any CPU
		{2908A01F-DA94-40A0-B233-14DE2002CE00}.Release|Any CPU.ActiveCfg = Release|Any CPU
		{2908A01F-DA94-40A0-B233-14DE2002CE00}.Release|Any CPU.Build.0 = Release|Any CPU
		{3A13BE98-0E20-42F2-A11F-9858F61EF40B}.Debug|Any CPU.ActiveCfg = Debug|Any CPU
		{3A13BE98-0E20-42F2-A11F-9858F61EF40B}.Debug|Any CPU.Build.0 = Debug|Any CPU
		{3A13BE98-0E20-42F2-A11F-9858F61EF40B}.Release|Any CPU.ActiveCfg = Release|Any CPU
		{3A13BE98-0E20-42F2-A11F-9858F61EF40B}.Release|Any CPU.Build.0 = Release|Any CPU
		{BF25BA91-1CE2-4978-AE39-780E6F771669}.Debug|Any CPU.ActiveCfg = Debug|Any CPU
		{BF25BA91-1CE2-4978-AE39-780E6F771669}.Debug|Any CPU.Build.0 = Debug|Any CPU
		{BF25BA91-1CE2-4978-AE39-780E6F771669}.Release|Any CPU.ActiveCfg = Release|Any CPU
		{BF25BA91-1CE2-4978-AE39-780E6F771669}.Release|Any CPU.Build.0 = Release|Any CPU
		{78A82B30-9AA4-4A30-97DC-4B6D1BAE32B5}.Debug|Any CPU.ActiveCfg = Debug|Any CPU
		{78A82B30-9AA4-4A30-97DC-4B6D1BAE32B5}.Debug|Any CPU.Build.0 = Debug|Any CPU
		{78A82B30-9AA4-4A30-97DC-4B6D1BAE32B5}.Release|Any CPU.ActiveCfg = Release|Any CPU
		{78A82B30-9AA4-4A30-97DC-4B6D1BAE32B5}.Release|Any CPU.Build.0 = Release|Any CPU
		{5B578FDE-065B-43D5-840A-520F6206AD6C}.Debug|Any CPU.ActiveCfg = Debug|Any CPU
		{5B578FDE-065B-43D5-840A-520F6206AD6C}.Debug|Any CPU.Build.0 = Debug|Any CPU
		{5B578FDE-065B-43D5-840A-520F6206AD6C}.Release|Any CPU.ActiveCfg = Release|Any CPU
		{5B578FDE-065B-43D5-840A-520F6206AD6C}.Release|Any CPU.Build.0 = Release|Any CPU
		{8C87C893-65EF-41F7-A3D8-E3F58CAC2239}.Debug|Any CPU.ActiveCfg = Debug|Any CPU
		{8C87C893-65EF-41F7-A3D8-E3F58CAC2239}.Debug|Any CPU.Build.0 = Debug|Any CPU
		{8C87C893-65EF-41F7-A3D8-E3F58CAC2239}.Release|Any CPU.ActiveCfg = Release|Any CPU
		{8C87C893-65EF-41F7-A3D8-E3F58CAC2239}.Release|Any CPU.Build.0 = Release|Any CPU
		{84783EB5-7CA3-4ACF-A79A-59287A79094C}.Debug|Any CPU.ActiveCfg = Debug|Any CPU
		{84783EB5-7CA3-4ACF-A79A-59287A79094C}.Debug|Any CPU.Build.0 = Debug|Any CPU
		{84783EB5-7CA3-4ACF-A79A-59287A79094C}.Release|Any CPU.ActiveCfg = Release|Any CPU
		{84783EB5-7CA3-4ACF-A79A-59287A79094C}.Release|Any CPU.Build.0 = Release|Any CPU
		{B02F694A-ABEB-4490-B727-3AF3C730DE40}.Debug|Any CPU.ActiveCfg = Debug|Any CPU
		{B02F694A-ABEB-4490-B727-3AF3C730DE40}.Debug|Any CPU.Build.0 = Debug|Any CPU
		{B02F694A-ABEB-4490-B727-3AF3C730DE40}.Release|Any CPU.ActiveCfg = Release|Any CPU
		{B02F694A-ABEB-4490-B727-3AF3C730DE40}.Release|Any CPU.Build.0 = Release|Any CPU
		{E03CDCF2-C7A4-4A16-ABD1-ABD8455B847E}.Debug|Any CPU.ActiveCfg = Debug|Any CPU
		{E03CDCF2-C7A4-4A16-ABD1-ABD8455B847E}.Debug|Any CPU.Build.0 = Debug|Any CPU
		{E03CDCF2-C7A4-4A16-ABD1-ABD8455B847E}.Release|Any CPU.ActiveCfg = Release|Any CPU
		{E03CDCF2-C7A4-4A16-ABD1-ABD8455B847E}.Release|Any CPU.Build.0 = Release|Any CPU
		{8D1E760C-9670-4248-B1CA-6FD0FEF82F7C}.Debug|Any CPU.ActiveCfg = Debug|Any CPU
		{8D1E760C-9670-4248-B1CA-6FD0FEF82F7C}.Debug|Any CPU.Build.0 = Debug|Any CPU
		{8D1E760C-9670-4248-B1CA-6FD0FEF82F7C}.Release|Any CPU.ActiveCfg = Release|Any CPU
		{8D1E760C-9670-4248-B1CA-6FD0FEF82F7C}.Release|Any CPU.Build.0 = Release|Any CPU
		{21F73B15-2DE4-4E02-8262-88BFF81A990E}.Debug|Any CPU.ActiveCfg = Debug|Any CPU
		{21F73B15-2DE4-4E02-8262-88BFF81A990E}.Debug|Any CPU.Build.0 = Debug|Any CPU
		{21F73B15-2DE4-4E02-8262-88BFF81A990E}.Release|Any CPU.ActiveCfg = Release|Any CPU
		{21F73B15-2DE4-4E02-8262-88BFF81A990E}.Release|Any CPU.Build.0 = Release|Any CPU
		{7FEBC69A-9C7A-4CF8-831B-919461107CDC}.Debug|Any CPU.ActiveCfg = Debug|Any CPU
		{7FEBC69A-9C7A-4CF8-831B-919461107CDC}.Debug|Any CPU.Build.0 = Debug|Any CPU
		{7FEBC69A-9C7A-4CF8-831B-919461107CDC}.Release|Any CPU.ActiveCfg = Release|Any CPU
		{7FEBC69A-9C7A-4CF8-831B-919461107CDC}.Release|Any CPU.Build.0 = Release|Any CPU
		{722F1571-A7CC-47AD-B3F7-1B65135C85EF}.Debug|Any CPU.ActiveCfg = Debug|Any CPU
		{722F1571-A7CC-47AD-B3F7-1B65135C85EF}.Debug|Any CPU.Build.0 = Debug|Any CPU
		{722F1571-A7CC-47AD-B3F7-1B65135C85EF}.Release|Any CPU.ActiveCfg = Release|Any CPU
		{722F1571-A7CC-47AD-B3F7-1B65135C85EF}.Release|Any CPU.Build.0 = Release|Any CPU
		{9E6E1249-5E7D-4FB1-BF33-9D14B649225D}.Debug|Any CPU.ActiveCfg = Debug|Any CPU
		{9E6E1249-5E7D-4FB1-BF33-9D14B649225D}.Debug|Any CPU.Build.0 = Debug|Any CPU
		{9E6E1249-5E7D-4FB1-BF33-9D14B649225D}.Release|Any CPU.ActiveCfg = Release|Any CPU
		{9E6E1249-5E7D-4FB1-BF33-9D14B649225D}.Release|Any CPU.Build.0 = Release|Any CPU
		{8A7333E9-4122-4292-9774-B88C16C29952}.Debug|Any CPU.ActiveCfg = Debug|Any CPU
		{8A7333E9-4122-4292-9774-B88C16C29952}.Debug|Any CPU.Build.0 = Debug|Any CPU
		{8A7333E9-4122-4292-9774-B88C16C29952}.Release|Any CPU.ActiveCfg = Release|Any CPU
		{8A7333E9-4122-4292-9774-B88C16C29952}.Release|Any CPU.Build.0 = Release|Any CPU
		{F7805A28-FBD9-42BB-9884-F5DE002BE583}.Debug|Any CPU.ActiveCfg = Debug|Any CPU
		{F7805A28-FBD9-42BB-9884-F5DE002BE583}.Debug|Any CPU.Build.0 = Debug|Any CPU
		{F7805A28-FBD9-42BB-9884-F5DE002BE583}.Release|Any CPU.ActiveCfg = Release|Any CPU
		{F7805A28-FBD9-42BB-9884-F5DE002BE583}.Release|Any CPU.Build.0 = Release|Any CPU
		{39BFC3A2-E068-4CD3-BBCB-F63F9870129C}.Debug|Any CPU.ActiveCfg = Debug|Any CPU
		{39BFC3A2-E068-4CD3-BBCB-F63F9870129C}.Debug|Any CPU.Build.0 = Debug|Any CPU
		{39BFC3A2-E068-4CD3-BBCB-F63F9870129C}.Release|Any CPU.ActiveCfg = Release|Any CPU
		{39BFC3A2-E068-4CD3-BBCB-F63F9870129C}.Release|Any CPU.Build.0 = Release|Any CPU
		{808548D9-0565-4F87-A03E-EE1CAB03FD4F}.Debug|Any CPU.ActiveCfg = Debug|Any CPU
		{808548D9-0565-4F87-A03E-EE1CAB03FD4F}.Debug|Any CPU.Build.0 = Debug|Any CPU
		{808548D9-0565-4F87-A03E-EE1CAB03FD4F}.Release|Any CPU.ActiveCfg = Release|Any CPU
		{808548D9-0565-4F87-A03E-EE1CAB03FD4F}.Release|Any CPU.Build.0 = Release|Any CPU
		{7065EFE2-9BD2-4D5E-AF20-9E86D8BC6EA1}.Debug|Any CPU.ActiveCfg = Debug|Any CPU
		{7065EFE2-9BD2-4D5E-AF20-9E86D8BC6EA1}.Debug|Any CPU.Build.0 = Debug|Any CPU
		{7065EFE2-9BD2-4D5E-AF20-9E86D8BC6EA1}.Release|Any CPU.ActiveCfg = Release|Any CPU
		{7065EFE2-9BD2-4D5E-AF20-9E86D8BC6EA1}.Release|Any CPU.Build.0 = Release|Any CPU
		{6DA1DD08-DF0D-4313-A1DE-29D881226DDA}.Debug|Any CPU.ActiveCfg = Debug|Any CPU
		{6DA1DD08-DF0D-4313-A1DE-29D881226DDA}.Debug|Any CPU.Build.0 = Debug|Any CPU
		{6DA1DD08-DF0D-4313-A1DE-29D881226DDA}.Release|Any CPU.ActiveCfg = Release|Any CPU
		{6DA1DD08-DF0D-4313-A1DE-29D881226DDA}.Release|Any CPU.Build.0 = Release|Any CPU
		{94034E5E-B4FF-4227-8372-1526A09C83A8}.Debug|Any CPU.ActiveCfg = Debug|Any CPU
		{94034E5E-B4FF-4227-8372-1526A09C83A8}.Debug|Any CPU.Build.0 = Debug|Any CPU
		{94034E5E-B4FF-4227-8372-1526A09C83A8}.Release|Any CPU.ActiveCfg = Release|Any CPU
		{94034E5E-B4FF-4227-8372-1526A09C83A8}.Release|Any CPU.Build.0 = Release|Any CPU
		{59E2BF9F-3572-4631-8EE5-9F448FAA57A4}.Debug|Any CPU.ActiveCfg = Debug|Any CPU
		{59E2BF9F-3572-4631-8EE5-9F448FAA57A4}.Debug|Any CPU.Build.0 = Debug|Any CPU
		{59E2BF9F-3572-4631-8EE5-9F448FAA57A4}.Release|Any CPU.ActiveCfg = Release|Any CPU
		{59E2BF9F-3572-4631-8EE5-9F448FAA57A4}.Release|Any CPU.Build.0 = Release|Any CPU
		{CEBBBB42-1208-4CCF-AD96-042F7DC74E49}.Debug|Any CPU.ActiveCfg = Debug|Any CPU
		{CEBBBB42-1208-4CCF-AD96-042F7DC74E49}.Debug|Any CPU.Build.0 = Debug|Any CPU
		{CEBBBB42-1208-4CCF-AD96-042F7DC74E49}.Release|Any CPU.ActiveCfg = Release|Any CPU
		{CEBBBB42-1208-4CCF-AD96-042F7DC74E49}.Release|Any CPU.Build.0 = Release|Any CPU
		{403753AD-0402-4311-9E30-358AC5DBE9E9}.Debug|Any CPU.ActiveCfg = Debug|Any CPU
		{403753AD-0402-4311-9E30-358AC5DBE9E9}.Debug|Any CPU.Build.0 = Debug|Any CPU
		{403753AD-0402-4311-9E30-358AC5DBE9E9}.Release|Any CPU.ActiveCfg = Release|Any CPU
		{403753AD-0402-4311-9E30-358AC5DBE9E9}.Release|Any CPU.Build.0 = Release|Any CPU
		{275C354E-B54A-4449-8F95-1E610ED3625B}.Debug|Any CPU.ActiveCfg = Debug|Any CPU
		{275C354E-B54A-4449-8F95-1E610ED3625B}.Debug|Any CPU.Build.0 = Debug|Any CPU
		{275C354E-B54A-4449-8F95-1E610ED3625B}.Release|Any CPU.ActiveCfg = Release|Any CPU
		{275C354E-B54A-4449-8F95-1E610ED3625B}.Release|Any CPU.Build.0 = Release|Any CPU
		{5528E1DD-3D2A-4AA6-B6F2-0CA1BE991A3B}.Debug|Any CPU.ActiveCfg = Debug|Any CPU
		{5528E1DD-3D2A-4AA6-B6F2-0CA1BE991A3B}.Debug|Any CPU.Build.0 = Debug|Any CPU
		{5528E1DD-3D2A-4AA6-B6F2-0CA1BE991A3B}.Release|Any CPU.ActiveCfg = Release|Any CPU
		{5528E1DD-3D2A-4AA6-B6F2-0CA1BE991A3B}.Release|Any CPU.Build.0 = Release|Any CPU
		{118EE242-6D81-4480-BEBA-D37431D44D8D}.Debug|Any CPU.ActiveCfg = Debug|Any CPU
		{118EE242-6D81-4480-BEBA-D37431D44D8D}.Debug|Any CPU.Build.0 = Debug|Any CPU
		{118EE242-6D81-4480-BEBA-D37431D44D8D}.Release|Any CPU.ActiveCfg = Release|Any CPU
		{118EE242-6D81-4480-BEBA-D37431D44D8D}.Release|Any CPU.Build.0 = Release|Any CPU
		{563897DA-43D7-4EA6-86C3-69938A3882CC}.Debug|Any CPU.ActiveCfg = Debug|Any CPU
		{563897DA-43D7-4EA6-86C3-69938A3882CC}.Debug|Any CPU.Build.0 = Debug|Any CPU
		{563897DA-43D7-4EA6-86C3-69938A3882CC}.Release|Any CPU.ActiveCfg = Release|Any CPU
		{563897DA-43D7-4EA6-86C3-69938A3882CC}.Release|Any CPU.Build.0 = Release|Any CPU
		{32D880AD-D80B-4D79-BA1C-024A456DBD55}.Debug|Any CPU.ActiveCfg = Debug|Any CPU
		{32D880AD-D80B-4D79-BA1C-024A456DBD55}.Debug|Any CPU.Build.0 = Debug|Any CPU
		{32D880AD-D80B-4D79-BA1C-024A456DBD55}.Release|Any CPU.ActiveCfg = Release|Any CPU
		{32D880AD-D80B-4D79-BA1C-024A456DBD55}.Release|Any CPU.Build.0 = Release|Any CPU
		{EEB47ED3-8805-49D7-A363-F115501F3276}.Debug|Any CPU.ActiveCfg = Debug|Any CPU
		{EEB47ED3-8805-49D7-A363-F115501F3276}.Debug|Any CPU.Build.0 = Debug|Any CPU
		{EEB47ED3-8805-49D7-A363-F115501F3276}.Release|Any CPU.ActiveCfg = Release|Any CPU
		{EEB47ED3-8805-49D7-A363-F115501F3276}.Release|Any CPU.Build.0 = Release|Any CPU
		{49188EA1-9A11-4ED4-A322-7E3D3F63E235}.Debug|Any CPU.ActiveCfg = Debug|Any CPU
		{49188EA1-9A11-4ED4-A322-7E3D3F63E235}.Debug|Any CPU.Build.0 = Debug|Any CPU
		{49188EA1-9A11-4ED4-A322-7E3D3F63E235}.Release|Any CPU.ActiveCfg = Release|Any CPU
		{49188EA1-9A11-4ED4-A322-7E3D3F63E235}.Release|Any CPU.Build.0 = Release|Any CPU
		{57E1E677-2CD8-4232-9C78-8E4934978519}.Debug|Any CPU.ActiveCfg = Debug|Any CPU
		{57E1E677-2CD8-4232-9C78-8E4934978519}.Debug|Any CPU.Build.0 = Debug|Any CPU
		{57E1E677-2CD8-4232-9C78-8E4934978519}.Release|Any CPU.ActiveCfg = Release|Any CPU
		{57E1E677-2CD8-4232-9C78-8E4934978519}.Release|Any CPU.Build.0 = Release|Any CPU
		{9EC379DB-BD77-4FE8-9903-7FE721C555CC}.Debug|Any CPU.ActiveCfg = Debug|Any CPU
		{9EC379DB-BD77-4FE8-9903-7FE721C555CC}.Debug|Any CPU.Build.0 = Debug|Any CPU
		{9EC379DB-BD77-4FE8-9903-7FE721C555CC}.Release|Any CPU.ActiveCfg = Release|Any CPU
		{9EC379DB-BD77-4FE8-9903-7FE721C555CC}.Release|Any CPU.Build.0 = Release|Any CPU
		{067CF720-0773-49E4-99A8-A06E4854A179}.Debug|Any CPU.ActiveCfg = Debug|Any CPU
		{067CF720-0773-49E4-99A8-A06E4854A179}.Debug|Any CPU.Build.0 = Debug|Any CPU
		{067CF720-0773-49E4-99A8-A06E4854A179}.Release|Any CPU.ActiveCfg = Release|Any CPU
		{067CF720-0773-49E4-99A8-A06E4854A179}.Release|Any CPU.Build.0 = Release|Any CPU
		{CA653C34-1BAC-4C23-B7D8-1CAC0F17E6F4}.Debug|Any CPU.ActiveCfg = Debug|Any CPU
		{CA653C34-1BAC-4C23-B7D8-1CAC0F17E6F4}.Debug|Any CPU.Build.0 = Debug|Any CPU
		{CA653C34-1BAC-4C23-B7D8-1CAC0F17E6F4}.Release|Any CPU.ActiveCfg = Release|Any CPU
		{CA653C34-1BAC-4C23-B7D8-1CAC0F17E6F4}.Release|Any CPU.Build.0 = Release|Any CPU
		{807A4499-ED22-4886-BA80-8B5B8B2040E6}.Debug|Any CPU.ActiveCfg = Debug|Any CPU
		{807A4499-ED22-4886-BA80-8B5B8B2040E6}.Debug|Any CPU.Build.0 = Debug|Any CPU
		{807A4499-ED22-4886-BA80-8B5B8B2040E6}.Release|Any CPU.ActiveCfg = Release|Any CPU
		{807A4499-ED22-4886-BA80-8B5B8B2040E6}.Release|Any CPU.Build.0 = Release|Any CPU
		{C66012EA-93AE-4B60-B7D0-9F4AC18029CD}.Debug|Any CPU.ActiveCfg = Debug|Any CPU
		{C66012EA-93AE-4B60-B7D0-9F4AC18029CD}.Debug|Any CPU.Build.0 = Debug|Any CPU
		{C66012EA-93AE-4B60-B7D0-9F4AC18029CD}.Release|Any CPU.ActiveCfg = Release|Any CPU
		{C66012EA-93AE-4B60-B7D0-9F4AC18029CD}.Release|Any CPU.Build.0 = Release|Any CPU
		{475DC5BF-6D2E-460B-BD33-3B1A95DF7D01}.Debug|Any CPU.ActiveCfg = Debug|Any CPU
		{475DC5BF-6D2E-460B-BD33-3B1A95DF7D01}.Debug|Any CPU.Build.0 = Debug|Any CPU
		{475DC5BF-6D2E-460B-BD33-3B1A95DF7D01}.Release|Any CPU.ActiveCfg = Release|Any CPU
		{475DC5BF-6D2E-460B-BD33-3B1A95DF7D01}.Release|Any CPU.Build.0 = Release|Any CPU
		{0D7F06F3-CE6B-4088-A66B-302D864319A3}.Debug|Any CPU.ActiveCfg = Debug|Any CPU
		{0D7F06F3-CE6B-4088-A66B-302D864319A3}.Debug|Any CPU.Build.0 = Debug|Any CPU
		{0D7F06F3-CE6B-4088-A66B-302D864319A3}.Release|Any CPU.ActiveCfg = Release|Any CPU
		{0D7F06F3-CE6B-4088-A66B-302D864319A3}.Release|Any CPU.Build.0 = Release|Any CPU
		{AE160C24-6D39-4DB0-ACB3-43714C28EADC}.Debug|Any CPU.ActiveCfg = Debug|Any CPU
		{AE160C24-6D39-4DB0-ACB3-43714C28EADC}.Debug|Any CPU.Build.0 = Debug|Any CPU
		{AE160C24-6D39-4DB0-ACB3-43714C28EADC}.Release|Any CPU.ActiveCfg = Release|Any CPU
		{AE160C24-6D39-4DB0-ACB3-43714C28EADC}.Release|Any CPU.Build.0 = Release|Any CPU
		{34AA729E-9D50-4468-B33D-16355EBABE9F}.Debug|Any CPU.ActiveCfg = Debug|Any CPU
		{34AA729E-9D50-4468-B33D-16355EBABE9F}.Debug|Any CPU.Build.0 = Debug|Any CPU
		{34AA729E-9D50-4468-B33D-16355EBABE9F}.Release|Any CPU.ActiveCfg = Release|Any CPU
		{34AA729E-9D50-4468-B33D-16355EBABE9F}.Release|Any CPU.Build.0 = Release|Any CPU
		{9C271954-9323-4E10-A921-39E3083D8582}.Debug|Any CPU.ActiveCfg = Debug|Any CPU
		{9C271954-9323-4E10-A921-39E3083D8582}.Debug|Any CPU.Build.0 = Debug|Any CPU
		{9C271954-9323-4E10-A921-39E3083D8582}.Release|Any CPU.ActiveCfg = Release|Any CPU
		{9C271954-9323-4E10-A921-39E3083D8582}.Release|Any CPU.Build.0 = Release|Any CPU
		{6B5BE334-60AD-45F8-806E-0F419CC54C42}.Debug|Any CPU.ActiveCfg = Debug|Any CPU
		{6B5BE334-60AD-45F8-806E-0F419CC54C42}.Debug|Any CPU.Build.0 = Debug|Any CPU
		{6B5BE334-60AD-45F8-806E-0F419CC54C42}.Release|Any CPU.ActiveCfg = Release|Any CPU
		{6B5BE334-60AD-45F8-806E-0F419CC54C42}.Release|Any CPU.Build.0 = Release|Any CPU
		{63D31673-7AB3-4542-8426-03B4FDF0BF61}.Debug|Any CPU.ActiveCfg = Debug|Any CPU
		{63D31673-7AB3-4542-8426-03B4FDF0BF61}.Debug|Any CPU.Build.0 = Debug|Any CPU
		{63D31673-7AB3-4542-8426-03B4FDF0BF61}.Release|Any CPU.ActiveCfg = Release|Any CPU
		{63D31673-7AB3-4542-8426-03B4FDF0BF61}.Release|Any CPU.Build.0 = Release|Any CPU
		{53DF50BC-E963-467D-B4BB-EAD597CE0B22}.Debug|Any CPU.ActiveCfg = Debug|Any CPU
		{53DF50BC-E963-467D-B4BB-EAD597CE0B22}.Debug|Any CPU.Build.0 = Debug|Any CPU
		{53DF50BC-E963-467D-B4BB-EAD597CE0B22}.Release|Any CPU.ActiveCfg = Release|Any CPU
		{53DF50BC-E963-467D-B4BB-EAD597CE0B22}.Release|Any CPU.Build.0 = Release|Any CPU
		{29E97D1B-D836-4C69-AD10-4B084810A36C}.Debug|Any CPU.ActiveCfg = Debug|Any CPU
		{29E97D1B-D836-4C69-AD10-4B084810A36C}.Debug|Any CPU.Build.0 = Debug|Any CPU
		{29E97D1B-D836-4C69-AD10-4B084810A36C}.Release|Any CPU.ActiveCfg = Release|Any CPU
		{29E97D1B-D836-4C69-AD10-4B084810A36C}.Release|Any CPU.Build.0 = Release|Any CPU
		{7CE2DC86-907C-444F-ABFD-701B267FAF0A}.Debug|Any CPU.ActiveCfg = Debug|Any CPU
		{7CE2DC86-907C-444F-ABFD-701B267FAF0A}.Debug|Any CPU.Build.0 = Debug|Any CPU
		{7CE2DC86-907C-444F-ABFD-701B267FAF0A}.Release|Any CPU.ActiveCfg = Release|Any CPU
		{7CE2DC86-907C-444F-ABFD-701B267FAF0A}.Release|Any CPU.Build.0 = Release|Any CPU
		{7EDA3878-F91B-446E-BF29-57DB9F56700B}.Debug|Any CPU.ActiveCfg = Debug|Any CPU
		{7EDA3878-F91B-446E-BF29-57DB9F56700B}.Debug|Any CPU.Build.0 = Debug|Any CPU
		{7EDA3878-F91B-446E-BF29-57DB9F56700B}.Release|Any CPU.ActiveCfg = Release|Any CPU
		{7EDA3878-F91B-446E-BF29-57DB9F56700B}.Release|Any CPU.Build.0 = Release|Any CPU
		{CA63CAA3-0265-4FDD-96E3-D2D9D7AC812E}.Debug|Any CPU.ActiveCfg = Debug|Any CPU
		{CA63CAA3-0265-4FDD-96E3-D2D9D7AC812E}.Debug|Any CPU.Build.0 = Debug|Any CPU
		{CA63CAA3-0265-4FDD-96E3-D2D9D7AC812E}.Release|Any CPU.ActiveCfg = Release|Any CPU
		{CA63CAA3-0265-4FDD-96E3-D2D9D7AC812E}.Release|Any CPU.Build.0 = Release|Any CPU
		{A3F2264B-E1AA-4821-9D82-70D3B59ADD07}.Debug|Any CPU.ActiveCfg = Debug|Any CPU
		{A3F2264B-E1AA-4821-9D82-70D3B59ADD07}.Debug|Any CPU.Build.0 = Debug|Any CPU
		{A3F2264B-E1AA-4821-9D82-70D3B59ADD07}.Release|Any CPU.ActiveCfg = Release|Any CPU
		{A3F2264B-E1AA-4821-9D82-70D3B59ADD07}.Release|Any CPU.Build.0 = Release|Any CPU
		{5B568E2F-EA9E-4542-B1D0-BD3CC48DFE00}.Debug|Any CPU.ActiveCfg = Debug|Any CPU
		{5B568E2F-EA9E-4542-B1D0-BD3CC48DFE00}.Debug|Any CPU.Build.0 = Debug|Any CPU
		{5B568E2F-EA9E-4542-B1D0-BD3CC48DFE00}.Release|Any CPU.ActiveCfg = Release|Any CPU
		{5B568E2F-EA9E-4542-B1D0-BD3CC48DFE00}.Release|Any CPU.Build.0 = Release|Any CPU
		{C5825F11-04B1-41B5-90C6-C0A54393C77F}.Debug|Any CPU.ActiveCfg = Debug|Any CPU
		{C5825F11-04B1-41B5-90C6-C0A54393C77F}.Debug|Any CPU.Build.0 = Debug|Any CPU
		{C5825F11-04B1-41B5-90C6-C0A54393C77F}.Release|Any CPU.ActiveCfg = Release|Any CPU
		{C5825F11-04B1-41B5-90C6-C0A54393C77F}.Release|Any CPU.Build.0 = Release|Any CPU
		{CF69BF6E-4734-4559-9626-C3E35CC0EE74}.Debug|Any CPU.ActiveCfg = Debug|Any CPU
		{CF69BF6E-4734-4559-9626-C3E35CC0EE74}.Debug|Any CPU.Build.0 = Debug|Any CPU
		{CF69BF6E-4734-4559-9626-C3E35CC0EE74}.Release|Any CPU.ActiveCfg = Release|Any CPU
		{CF69BF6E-4734-4559-9626-C3E35CC0EE74}.Release|Any CPU.Build.0 = Release|Any CPU
		{D10A7EEA-F763-404D-BAEF-310DDA492535}.Debug|Any CPU.ActiveCfg = Debug|Any CPU
		{D10A7EEA-F763-404D-BAEF-310DDA492535}.Debug|Any CPU.Build.0 = Debug|Any CPU
		{D10A7EEA-F763-404D-BAEF-310DDA492535}.Release|Any CPU.ActiveCfg = Release|Any CPU
		{D10A7EEA-F763-404D-BAEF-310DDA492535}.Release|Any CPU.Build.0 = Release|Any CPU
		{3726E765-6F62-4DA7-AE35-E8D41DD3D399}.Debug|Any CPU.ActiveCfg = Debug|Any CPU
		{3726E765-6F62-4DA7-AE35-E8D41DD3D399}.Debug|Any CPU.Build.0 = Debug|Any CPU
		{3726E765-6F62-4DA7-AE35-E8D41DD3D399}.Release|Any CPU.ActiveCfg = Release|Any CPU
		{3726E765-6F62-4DA7-AE35-E8D41DD3D399}.Release|Any CPU.Build.0 = Release|Any CPU
		{BCE66EBD-40A9-47BA-ADDA-8F015CBE1845}.Debug|Any CPU.ActiveCfg = Debug|Any CPU
		{BCE66EBD-40A9-47BA-ADDA-8F015CBE1845}.Debug|Any CPU.Build.0 = Debug|Any CPU
		{BCE66EBD-40A9-47BA-ADDA-8F015CBE1845}.Release|Any CPU.ActiveCfg = Release|Any CPU
		{BCE66EBD-40A9-47BA-ADDA-8F015CBE1845}.Release|Any CPU.Build.0 = Release|Any CPU
		{6CDA57F0-0A2B-4FBC-8F01-E7B4EA867FF2}.Debug|Any CPU.ActiveCfg = Debug|Any CPU
		{6CDA57F0-0A2B-4FBC-8F01-E7B4EA867FF2}.Debug|Any CPU.Build.0 = Debug|Any CPU
		{6CDA57F0-0A2B-4FBC-8F01-E7B4EA867FF2}.Release|Any CPU.ActiveCfg = Release|Any CPU
		{6CDA57F0-0A2B-4FBC-8F01-E7B4EA867FF2}.Release|Any CPU.Build.0 = Release|Any CPU
		{9AD09EBA-E5BA-4794-A059-76DB6CB7E08F}.Debug|Any CPU.ActiveCfg = Debug|Any CPU
		{9AD09EBA-E5BA-4794-A059-76DB6CB7E08F}.Debug|Any CPU.Build.0 = Debug|Any CPU
		{9AD09EBA-E5BA-4794-A059-76DB6CB7E08F}.Release|Any CPU.ActiveCfg = Release|Any CPU
		{9AD09EBA-E5BA-4794-A059-76DB6CB7E08F}.Release|Any CPU.Build.0 = Release|Any CPU
		{114026DD-F7BF-42E0-9917-84789A34DA14}.Debug|Any CPU.ActiveCfg = Debug|Any CPU
		{114026DD-F7BF-42E0-9917-84789A34DA14}.Debug|Any CPU.Build.0 = Debug|Any CPU
		{114026DD-F7BF-42E0-9917-84789A34DA14}.Release|Any CPU.ActiveCfg = Release|Any CPU
		{114026DD-F7BF-42E0-9917-84789A34DA14}.Release|Any CPU.Build.0 = Release|Any CPU
		{F60ADCFD-A1E4-4DC2-A2E2-9E782B3BA7F4}.Debug|Any CPU.ActiveCfg = Debug|Any CPU
		{F60ADCFD-A1E4-4DC2-A2E2-9E782B3BA7F4}.Debug|Any CPU.Build.0 = Debug|Any CPU
		{F60ADCFD-A1E4-4DC2-A2E2-9E782B3BA7F4}.Release|Any CPU.ActiveCfg = Release|Any CPU
		{F60ADCFD-A1E4-4DC2-A2E2-9E782B3BA7F4}.Release|Any CPU.Build.0 = Release|Any CPU
		{7703CE32-0FEF-4B12-AEE0-156885B5655C}.Debug|Any CPU.ActiveCfg = Debug|Any CPU
		{7703CE32-0FEF-4B12-AEE0-156885B5655C}.Debug|Any CPU.Build.0 = Debug|Any CPU
		{7703CE32-0FEF-4B12-AEE0-156885B5655C}.Release|Any CPU.ActiveCfg = Release|Any CPU
		{7703CE32-0FEF-4B12-AEE0-156885B5655C}.Release|Any CPU.Build.0 = Release|Any CPU
		{044DD01A-579B-450A-A7D9-FAEF536FD004}.Debug|Any CPU.ActiveCfg = Debug|Any CPU
		{044DD01A-579B-450A-A7D9-FAEF536FD004}.Debug|Any CPU.Build.0 = Debug|Any CPU
		{044DD01A-579B-450A-A7D9-FAEF536FD004}.Release|Any CPU.ActiveCfg = Release|Any CPU
		{044DD01A-579B-450A-A7D9-FAEF536FD004}.Release|Any CPU.Build.0 = Release|Any CPU
		{8267555D-FF6D-482E-AC23-C714A0AA9119}.Debug|Any CPU.ActiveCfg = Debug|Any CPU
		{8267555D-FF6D-482E-AC23-C714A0AA9119}.Debug|Any CPU.Build.0 = Debug|Any CPU
		{8267555D-FF6D-482E-AC23-C714A0AA9119}.Release|Any CPU.ActiveCfg = Release|Any CPU
		{8267555D-FF6D-482E-AC23-C714A0AA9119}.Release|Any CPU.Build.0 = Release|Any CPU
		{705F8898-5E0D-433C-8A4A-445E713B46F7}.Debug|Any CPU.ActiveCfg = Debug|Any CPU
		{705F8898-5E0D-433C-8A4A-445E713B46F7}.Debug|Any CPU.Build.0 = Debug|Any CPU
		{705F8898-5E0D-433C-8A4A-445E713B46F7}.Release|Any CPU.ActiveCfg = Release|Any CPU
		{705F8898-5E0D-433C-8A4A-445E713B46F7}.Release|Any CPU.Build.0 = Release|Any CPU
		{908AA2E2-96B2-4A5D-9B94-EEE93E35DC5F}.Debug|Any CPU.ActiveCfg = Debug|Any CPU
		{908AA2E2-96B2-4A5D-9B94-EEE93E35DC5F}.Debug|Any CPU.Build.0 = Debug|Any CPU
		{908AA2E2-96B2-4A5D-9B94-EEE93E35DC5F}.Release|Any CPU.ActiveCfg = Release|Any CPU
		{908AA2E2-96B2-4A5D-9B94-EEE93E35DC5F}.Release|Any CPU.Build.0 = Release|Any CPU
		{7DD595B3-1601-4F1E-B2F1-10AFD3597A59}.Debug|Any CPU.ActiveCfg = Debug|Any CPU
		{7DD595B3-1601-4F1E-B2F1-10AFD3597A59}.Debug|Any CPU.Build.0 = Debug|Any CPU
		{7DD595B3-1601-4F1E-B2F1-10AFD3597A59}.Release|Any CPU.ActiveCfg = Release|Any CPU
		{7DD595B3-1601-4F1E-B2F1-10AFD3597A59}.Release|Any CPU.Build.0 = Release|Any CPU
		{82C68F79-506E-404E-B6A9-10D85A0EF5D2}.Debug|Any CPU.ActiveCfg = Debug|Any CPU
		{82C68F79-506E-404E-B6A9-10D85A0EF5D2}.Debug|Any CPU.Build.0 = Debug|Any CPU
		{82C68F79-506E-404E-B6A9-10D85A0EF5D2}.Release|Any CPU.ActiveCfg = Release|Any CPU
		{82C68F79-506E-404E-B6A9-10D85A0EF5D2}.Release|Any CPU.Build.0 = Release|Any CPU
		{8A276A78-EEBF-47F3-A254-924FEC0D33AD}.Debug|Any CPU.ActiveCfg = Debug|Any CPU
		{8A276A78-EEBF-47F3-A254-924FEC0D33AD}.Debug|Any CPU.Build.0 = Debug|Any CPU
		{8A276A78-EEBF-47F3-A254-924FEC0D33AD}.Release|Any CPU.ActiveCfg = Release|Any CPU
		{8A276A78-EEBF-47F3-A254-924FEC0D33AD}.Release|Any CPU.Build.0 = Release|Any CPU
		{E89297E0-68D0-412B-A9B2-233B1B1FCB4B}.Debug|Any CPU.ActiveCfg = Debug|Any CPU
		{E89297E0-68D0-412B-A9B2-233B1B1FCB4B}.Debug|Any CPU.Build.0 = Debug|Any CPU
		{E89297E0-68D0-412B-A9B2-233B1B1FCB4B}.Release|Any CPU.ActiveCfg = Release|Any CPU
		{E89297E0-68D0-412B-A9B2-233B1B1FCB4B}.Release|Any CPU.Build.0 = Release|Any CPU
		{854226A6-A96F-41F5-A70A-C350BB2C0419}.Debug|Any CPU.ActiveCfg = Debug|Any CPU
		{854226A6-A96F-41F5-A70A-C350BB2C0419}.Debug|Any CPU.Build.0 = Debug|Any CPU
		{854226A6-A96F-41F5-A70A-C350BB2C0419}.Release|Any CPU.ActiveCfg = Release|Any CPU
		{854226A6-A96F-41F5-A70A-C350BB2C0419}.Release|Any CPU.Build.0 = Release|Any CPU
		{164CC6BF-C6FC-4838-B55F-0C177607C18C}.Debug|Any CPU.ActiveCfg = Debug|Any CPU
		{164CC6BF-C6FC-4838-B55F-0C177607C18C}.Debug|Any CPU.Build.0 = Debug|Any CPU
		{164CC6BF-C6FC-4838-B55F-0C177607C18C}.Release|Any CPU.ActiveCfg = Release|Any CPU
		{164CC6BF-C6FC-4838-B55F-0C177607C18C}.Release|Any CPU.Build.0 = Release|Any CPU
		{4BBE877F-AC7D-4651-818A-FA59AE88ED53}.Debug|Any CPU.ActiveCfg = Debug|Any CPU
		{4BBE877F-AC7D-4651-818A-FA59AE88ED53}.Debug|Any CPU.Build.0 = Debug|Any CPU
		{4BBE877F-AC7D-4651-818A-FA59AE88ED53}.Release|Any CPU.ActiveCfg = Release|Any CPU
		{4BBE877F-AC7D-4651-818A-FA59AE88ED53}.Release|Any CPU.Build.0 = Release|Any CPU
		{D0437540-254E-4E9B-B9FC-29DBAD9F04B1}.Debug|Any CPU.ActiveCfg = Debug|Any CPU
		{D0437540-254E-4E9B-B9FC-29DBAD9F04B1}.Debug|Any CPU.Build.0 = Debug|Any CPU
		{D0437540-254E-4E9B-B9FC-29DBAD9F04B1}.Release|Any CPU.ActiveCfg = Release|Any CPU
		{D0437540-254E-4E9B-B9FC-29DBAD9F04B1}.Release|Any CPU.Build.0 = Release|Any CPU
		{C1C24DDB-77EA-470F-9CE5-A0FB5480760B}.Debug|Any CPU.ActiveCfg = Debug|Any CPU
		{C1C24DDB-77EA-470F-9CE5-A0FB5480760B}.Debug|Any CPU.Build.0 = Debug|Any CPU
		{C1C24DDB-77EA-470F-9CE5-A0FB5480760B}.Release|Any CPU.ActiveCfg = Release|Any CPU
		{C1C24DDB-77EA-470F-9CE5-A0FB5480760B}.Release|Any CPU.Build.0 = Release|Any CPU
		{3888C568-864B-4B3E-A7CE-1E75BF3583CC}.Debug|Any CPU.ActiveCfg = Debug|Any CPU
		{3888C568-864B-4B3E-A7CE-1E75BF3583CC}.Debug|Any CPU.Build.0 = Debug|Any CPU
		{3888C568-864B-4B3E-A7CE-1E75BF3583CC}.Release|Any CPU.ActiveCfg = Release|Any CPU
		{3888C568-864B-4B3E-A7CE-1E75BF3583CC}.Release|Any CPU.Build.0 = Release|Any CPU
		{CC7F3547-E3AE-4FA7-837D-80E613A60203}.Debug|Any CPU.ActiveCfg = Debug|Any CPU
		{CC7F3547-E3AE-4FA7-837D-80E613A60203}.Debug|Any CPU.Build.0 = Debug|Any CPU
		{CC7F3547-E3AE-4FA7-837D-80E613A60203}.Release|Any CPU.ActiveCfg = Release|Any CPU
		{CC7F3547-E3AE-4FA7-837D-80E613A60203}.Release|Any CPU.Build.0 = Release|Any CPU
		{24FB9E5A-66B7-43DC-9A84-AE2B06FC2B0C}.Debug|Any CPU.ActiveCfg = Debug|Any CPU
		{24FB9E5A-66B7-43DC-9A84-AE2B06FC2B0C}.Debug|Any CPU.Build.0 = Debug|Any CPU
		{24FB9E5A-66B7-43DC-9A84-AE2B06FC2B0C}.Release|Any CPU.ActiveCfg = Release|Any CPU
		{24FB9E5A-66B7-43DC-9A84-AE2B06FC2B0C}.Release|Any CPU.Build.0 = Release|Any CPU
		{366E67CD-EAB8-48B7-8449-11649C8F25FF}.Debug|Any CPU.ActiveCfg = Debug|Any CPU
		{366E67CD-EAB8-48B7-8449-11649C8F25FF}.Debug|Any CPU.Build.0 = Debug|Any CPU
		{366E67CD-EAB8-48B7-8449-11649C8F25FF}.Release|Any CPU.ActiveCfg = Release|Any CPU
		{366E67CD-EAB8-48B7-8449-11649C8F25FF}.Release|Any CPU.Build.0 = Release|Any CPU
		{C2538364-D9DD-49FF-AF5E-862F16D2D045}.Debug|Any CPU.ActiveCfg = Debug|Any CPU
		{C2538364-D9DD-49FF-AF5E-862F16D2D045}.Debug|Any CPU.Build.0 = Debug|Any CPU
		{C2538364-D9DD-49FF-AF5E-862F16D2D045}.Release|Any CPU.ActiveCfg = Release|Any CPU
		{C2538364-D9DD-49FF-AF5E-862F16D2D045}.Release|Any CPU.Build.0 = Release|Any CPU
		{32043B43-2A2F-44BA-B588-B9E9CB20D3EC}.Debug|Any CPU.ActiveCfg = Debug|Any CPU
		{32043B43-2A2F-44BA-B588-B9E9CB20D3EC}.Debug|Any CPU.Build.0 = Debug|Any CPU
		{32043B43-2A2F-44BA-B588-B9E9CB20D3EC}.Release|Any CPU.ActiveCfg = Release|Any CPU
		{32043B43-2A2F-44BA-B588-B9E9CB20D3EC}.Release|Any CPU.Build.0 = Release|Any CPU
		{BFAD9AAD-5B42-408F-8DDA-0EAC8E8A0F0F}.Debug|Any CPU.ActiveCfg = Debug|Any CPU
		{BFAD9AAD-5B42-408F-8DDA-0EAC8E8A0F0F}.Debug|Any CPU.Build.0 = Debug|Any CPU
		{BFAD9AAD-5B42-408F-8DDA-0EAC8E8A0F0F}.Release|Any CPU.ActiveCfg = Release|Any CPU
		{BFAD9AAD-5B42-408F-8DDA-0EAC8E8A0F0F}.Release|Any CPU.Build.0 = Release|Any CPU
		{593EAC3B-DCE6-49A3-9C61-01374070A3D5}.Debug|Any CPU.ActiveCfg = Debug|Any CPU
		{593EAC3B-DCE6-49A3-9C61-01374070A3D5}.Debug|Any CPU.Build.0 = Debug|Any CPU
		{593EAC3B-DCE6-49A3-9C61-01374070A3D5}.Release|Any CPU.ActiveCfg = Release|Any CPU
		{593EAC3B-DCE6-49A3-9C61-01374070A3D5}.Release|Any CPU.Build.0 = Release|Any CPU
		{161C7839-1EE4-4BE6-97E7-91BF2DE15F58}.Debug|Any CPU.ActiveCfg = Debug|Any CPU
		{161C7839-1EE4-4BE6-97E7-91BF2DE15F58}.Debug|Any CPU.Build.0 = Debug|Any CPU
		{161C7839-1EE4-4BE6-97E7-91BF2DE15F58}.Release|Any CPU.ActiveCfg = Release|Any CPU
		{161C7839-1EE4-4BE6-97E7-91BF2DE15F58}.Release|Any CPU.Build.0 = Release|Any CPU
		{81ADCAEB-F628-4AB9-B51F-E4A96112BBA3}.Debug|Any CPU.ActiveCfg = Debug|Any CPU
		{81ADCAEB-F628-4AB9-B51F-E4A96112BBA3}.Debug|Any CPU.Build.0 = Debug|Any CPU
		{81ADCAEB-F628-4AB9-B51F-E4A96112BBA3}.Release|Any CPU.ActiveCfg = Release|Any CPU
		{81ADCAEB-F628-4AB9-B51F-E4A96112BBA3}.Release|Any CPU.Build.0 = Release|Any CPU
		{E99BC4B4-05FE-4AB8-962A-928D24DD1E3B}.Debug|Any CPU.ActiveCfg = Debug|Any CPU
		{E99BC4B4-05FE-4AB8-962A-928D24DD1E3B}.Debug|Any CPU.Build.0 = Debug|Any CPU
		{E99BC4B4-05FE-4AB8-962A-928D24DD1E3B}.Release|Any CPU.ActiveCfg = Release|Any CPU
		{E99BC4B4-05FE-4AB8-962A-928D24DD1E3B}.Release|Any CPU.Build.0 = Release|Any CPU
		{9055C935-04F3-424F-AE14-7FDC5F923F66}.Debug|Any CPU.ActiveCfg = Debug|Any CPU
		{9055C935-04F3-424F-AE14-7FDC5F923F66}.Debug|Any CPU.Build.0 = Debug|Any CPU
		{9055C935-04F3-424F-AE14-7FDC5F923F66}.Release|Any CPU.ActiveCfg = Release|Any CPU
		{9055C935-04F3-424F-AE14-7FDC5F923F66}.Release|Any CPU.Build.0 = Release|Any CPU
		{822704CC-F860-4A99-AE73-48AE3472A275}.Debug|Any CPU.ActiveCfg = Debug|Any CPU
		{822704CC-F860-4A99-AE73-48AE3472A275}.Debug|Any CPU.Build.0 = Debug|Any CPU
		{822704CC-F860-4A99-AE73-48AE3472A275}.Release|Any CPU.ActiveCfg = Release|Any CPU
		{822704CC-F860-4A99-AE73-48AE3472A275}.Release|Any CPU.Build.0 = Release|Any CPU
		{DF8F2E57-1F40-4570-B410-EE9C49600D11}.Debug|Any CPU.ActiveCfg = Debug|Any CPU
		{DF8F2E57-1F40-4570-B410-EE9C49600D11}.Debug|Any CPU.Build.0 = Debug|Any CPU
		{DF8F2E57-1F40-4570-B410-EE9C49600D11}.Release|Any CPU.ActiveCfg = Release|Any CPU
		{DF8F2E57-1F40-4570-B410-EE9C49600D11}.Release|Any CPU.Build.0 = Release|Any CPU
		{7B5CFF0D-9D02-40CD-99B0-83821AD0F9A2}.Debug|Any CPU.ActiveCfg = Debug|Any CPU
		{7B5CFF0D-9D02-40CD-99B0-83821AD0F9A2}.Debug|Any CPU.Build.0 = Debug|Any CPU
		{7B5CFF0D-9D02-40CD-99B0-83821AD0F9A2}.Release|Any CPU.ActiveCfg = Release|Any CPU
		{7B5CFF0D-9D02-40CD-99B0-83821AD0F9A2}.Release|Any CPU.Build.0 = Release|Any CPU
		{233D956D-F954-44D0-9923-0B0AA215FFCC}.Debug|Any CPU.ActiveCfg = Debug|Any CPU
		{233D956D-F954-44D0-9923-0B0AA215FFCC}.Debug|Any CPU.Build.0 = Debug|Any CPU
		{233D956D-F954-44D0-9923-0B0AA215FFCC}.Release|Any CPU.ActiveCfg = Release|Any CPU
		{233D956D-F954-44D0-9923-0B0AA215FFCC}.Release|Any CPU.Build.0 = Release|Any CPU
		{3884B397-FC6B-4800-AC4E-6404F557941D}.Debug|Any CPU.ActiveCfg = Debug|Any CPU
		{3884B397-FC6B-4800-AC4E-6404F557941D}.Debug|Any CPU.Build.0 = Debug|Any CPU
		{3884B397-FC6B-4800-AC4E-6404F557941D}.Release|Any CPU.ActiveCfg = Release|Any CPU
		{3884B397-FC6B-4800-AC4E-6404F557941D}.Release|Any CPU.Build.0 = Release|Any CPU
		{E264550F-952A-454F-A5F5-EF7F7E5C7EC6}.Debug|Any CPU.ActiveCfg = Debug|Any CPU
		{E264550F-952A-454F-A5F5-EF7F7E5C7EC6}.Debug|Any CPU.Build.0 = Debug|Any CPU
		{E264550F-952A-454F-A5F5-EF7F7E5C7EC6}.Release|Any CPU.ActiveCfg = Release|Any CPU
		{E264550F-952A-454F-A5F5-EF7F7E5C7EC6}.Release|Any CPU.Build.0 = Release|Any CPU
		{D5687596-FA71-4470-9A7C-BD39CAE480DF}.Debug|Any CPU.ActiveCfg = Debug|Any CPU
		{D5687596-FA71-4470-9A7C-BD39CAE480DF}.Debug|Any CPU.Build.0 = Debug|Any CPU
		{D5687596-FA71-4470-9A7C-BD39CAE480DF}.Release|Any CPU.ActiveCfg = Release|Any CPU
		{D5687596-FA71-4470-9A7C-BD39CAE480DF}.Release|Any CPU.Build.0 = Release|Any CPU
		{DACBFEB4-D174-4E5E-B98F-DFCD6068D3D5}.Debug|Any CPU.ActiveCfg = Debug|Any CPU
		{DACBFEB4-D174-4E5E-B98F-DFCD6068D3D5}.Debug|Any CPU.Build.0 = Debug|Any CPU
		{DACBFEB4-D174-4E5E-B98F-DFCD6068D3D5}.Release|Any CPU.ActiveCfg = Release|Any CPU
		{DACBFEB4-D174-4E5E-B98F-DFCD6068D3D5}.Release|Any CPU.Build.0 = Release|Any CPU
		{59CBDD80-C45B-4F61-BD9D-8A288CBAE72F}.Debug|Any CPU.ActiveCfg = Debug|Any CPU
		{59CBDD80-C45B-4F61-BD9D-8A288CBAE72F}.Debug|Any CPU.Build.0 = Debug|Any CPU
		{59CBDD80-C45B-4F61-BD9D-8A288CBAE72F}.Release|Any CPU.ActiveCfg = Release|Any CPU
		{59CBDD80-C45B-4F61-BD9D-8A288CBAE72F}.Release|Any CPU.Build.0 = Release|Any CPU
		{67631B9D-D78C-453A-8CCF-764CBD654BD7}.Debug|Any CPU.ActiveCfg = Debug|Any CPU
		{67631B9D-D78C-453A-8CCF-764CBD654BD7}.Debug|Any CPU.Build.0 = Debug|Any CPU
		{67631B9D-D78C-453A-8CCF-764CBD654BD7}.Release|Any CPU.ActiveCfg = Release|Any CPU
		{67631B9D-D78C-453A-8CCF-764CBD654BD7}.Release|Any CPU.Build.0 = Release|Any CPU
		{404D06A5-F622-453A-B993-2D28C0B1D091}.Debug|Any CPU.ActiveCfg = Debug|Any CPU
		{404D06A5-F622-453A-B993-2D28C0B1D091}.Debug|Any CPU.Build.0 = Debug|Any CPU
		{404D06A5-F622-453A-B993-2D28C0B1D091}.Release|Any CPU.ActiveCfg = Release|Any CPU
		{404D06A5-F622-453A-B993-2D28C0B1D091}.Release|Any CPU.Build.0 = Release|Any CPU
		{4E87B9D3-3D60-493C-8093-87E2B1FCED95}.Debug|Any CPU.ActiveCfg = Debug|Any CPU
		{4E87B9D3-3D60-493C-8093-87E2B1FCED95}.Debug|Any CPU.Build.0 = Debug|Any CPU
		{4E87B9D3-3D60-493C-8093-87E2B1FCED95}.Release|Any CPU.ActiveCfg = Release|Any CPU
		{4E87B9D3-3D60-493C-8093-87E2B1FCED95}.Release|Any CPU.Build.0 = Release|Any CPU
		{D3E29046-F78A-4C70-A595-ACB59F82744E}.Debug|Any CPU.ActiveCfg = Debug|Any CPU
		{D3E29046-F78A-4C70-A595-ACB59F82744E}.Debug|Any CPU.Build.0 = Debug|Any CPU
		{D3E29046-F78A-4C70-A595-ACB59F82744E}.Release|Any CPU.ActiveCfg = Release|Any CPU
		{D3E29046-F78A-4C70-A595-ACB59F82744E}.Release|Any CPU.Build.0 = Release|Any CPU
		{6D9B7ECE-D33C-44FF-80E9-76B8ADEB14A7}.Debug|Any CPU.ActiveCfg = Debug|Any CPU
		{6D9B7ECE-D33C-44FF-80E9-76B8ADEB14A7}.Debug|Any CPU.Build.0 = Debug|Any CPU
		{6D9B7ECE-D33C-44FF-80E9-76B8ADEB14A7}.Release|Any CPU.ActiveCfg = Release|Any CPU
		{6D9B7ECE-D33C-44FF-80E9-76B8ADEB14A7}.Release|Any CPU.Build.0 = Release|Any CPU
		{4A18A9F8-F432-4C35-90BF-D13864345B96}.Debug|Any CPU.ActiveCfg = Debug|Any CPU
		{4A18A9F8-F432-4C35-90BF-D13864345B96}.Debug|Any CPU.Build.0 = Debug|Any CPU
		{4A18A9F8-F432-4C35-90BF-D13864345B96}.Release|Any CPU.ActiveCfg = Release|Any CPU
		{4A18A9F8-F432-4C35-90BF-D13864345B96}.Release|Any CPU.Build.0 = Release|Any CPU
		{D8EEB0CF-B85D-4D36-B884-5E848AF35E33}.Debug|Any CPU.ActiveCfg = Debug|Any CPU
		{D8EEB0CF-B85D-4D36-B884-5E848AF35E33}.Debug|Any CPU.Build.0 = Debug|Any CPU
		{D8EEB0CF-B85D-4D36-B884-5E848AF35E33}.Release|Any CPU.ActiveCfg = Release|Any CPU
		{D8EEB0CF-B85D-4D36-B884-5E848AF35E33}.Release|Any CPU.Build.0 = Release|Any CPU
		{6302B2C6-0ADC-426A-914F-498EF6D562B5}.Debug|Any CPU.ActiveCfg = Debug|Any CPU
		{6302B2C6-0ADC-426A-914F-498EF6D562B5}.Debug|Any CPU.Build.0 = Debug|Any CPU
		{6302B2C6-0ADC-426A-914F-498EF6D562B5}.Release|Any CPU.ActiveCfg = Release|Any CPU
		{6302B2C6-0ADC-426A-914F-498EF6D562B5}.Release|Any CPU.Build.0 = Release|Any CPU
		{D71D7CCB-91A2-4576-894C-43F5E74B160E}.Debug|Any CPU.ActiveCfg = Debug|Any CPU
		{D71D7CCB-91A2-4576-894C-43F5E74B160E}.Debug|Any CPU.Build.0 = Debug|Any CPU
		{D71D7CCB-91A2-4576-894C-43F5E74B160E}.Release|Any CPU.ActiveCfg = Release|Any CPU
		{D71D7CCB-91A2-4576-894C-43F5E74B160E}.Release|Any CPU.Build.0 = Release|Any CPU
		{92A24875-9A23-40A6-91C8-A3A09ECF92B4}.Debug|Any CPU.ActiveCfg = Debug|Any CPU
		{92A24875-9A23-40A6-91C8-A3A09ECF92B4}.Debug|Any CPU.Build.0 = Debug|Any CPU
		{92A24875-9A23-40A6-91C8-A3A09ECF92B4}.Release|Any CPU.ActiveCfg = Release|Any CPU
		{92A24875-9A23-40A6-91C8-A3A09ECF92B4}.Release|Any CPU.Build.0 = Release|Any CPU
		{2AE2626F-F84F-4C68-90D8-6F82DD2A0120}.Debug|Any CPU.ActiveCfg = Debug|Any CPU
		{2AE2626F-F84F-4C68-90D8-6F82DD2A0120}.Debug|Any CPU.Build.0 = Debug|Any CPU
		{2AE2626F-F84F-4C68-90D8-6F82DD2A0120}.Release|Any CPU.ActiveCfg = Release|Any CPU
		{2AE2626F-F84F-4C68-90D8-6F82DD2A0120}.Release|Any CPU.Build.0 = Release|Any CPU
		{F6ED0989-07DD-4C1D-A737-DC24887F292F}.Debug|Any CPU.ActiveCfg = Debug|Any CPU
		{F6ED0989-07DD-4C1D-A737-DC24887F292F}.Debug|Any CPU.Build.0 = Debug|Any CPU
		{F6ED0989-07DD-4C1D-A737-DC24887F292F}.Release|Any CPU.ActiveCfg = Release|Any CPU
		{F6ED0989-07DD-4C1D-A737-DC24887F292F}.Release|Any CPU.Build.0 = Release|Any CPU
		{7A4CCEC3-7103-4314-AC44-73510A4FD001}.Debug|Any CPU.ActiveCfg = Debug|Any CPU
		{7A4CCEC3-7103-4314-AC44-73510A4FD001}.Debug|Any CPU.Build.0 = Debug|Any CPU
		{7A4CCEC3-7103-4314-AC44-73510A4FD001}.Release|Any CPU.ActiveCfg = Release|Any CPU
		{7A4CCEC3-7103-4314-AC44-73510A4FD001}.Release|Any CPU.Build.0 = Release|Any CPU
		{515B6972-B2A3-423A-81C4-B4656BD6C1FC}.Debug|Any CPU.ActiveCfg = Debug|Any CPU
		{515B6972-B2A3-423A-81C4-B4656BD6C1FC}.Debug|Any CPU.Build.0 = Debug|Any CPU
		{515B6972-B2A3-423A-81C4-B4656BD6C1FC}.Release|Any CPU.ActiveCfg = Release|Any CPU
		{515B6972-B2A3-423A-81C4-B4656BD6C1FC}.Release|Any CPU.Build.0 = Release|Any CPU
		{1EDFE30F-8110-4FB5-BB77-17F76A5C87FF}.Debug|Any CPU.ActiveCfg = Debug|Any CPU
		{1EDFE30F-8110-4FB5-BB77-17F76A5C87FF}.Debug|Any CPU.Build.0 = Debug|Any CPU
		{1EDFE30F-8110-4FB5-BB77-17F76A5C87FF}.Release|Any CPU.ActiveCfg = Release|Any CPU
		{1EDFE30F-8110-4FB5-BB77-17F76A5C87FF}.Release|Any CPU.Build.0 = Release|Any CPU
		{EF888D0C-DCDE-49A7-9885-B6018941776F}.Debug|Any CPU.ActiveCfg = Debug|Any CPU
		{EF888D0C-DCDE-49A7-9885-B6018941776F}.Debug|Any CPU.Build.0 = Debug|Any CPU
		{EF888D0C-DCDE-49A7-9885-B6018941776F}.Release|Any CPU.ActiveCfg = Release|Any CPU
		{EF888D0C-DCDE-49A7-9885-B6018941776F}.Release|Any CPU.Build.0 = Release|Any CPU
	EndGlobalSection
	GlobalSection(SolutionProperties) = preSolution
		HideSolutionNode = FALSE
	EndGlobalSection
	GlobalSection(ExtensibilityGlobals) = postSolution
		SolutionGuid = {13849C01-4E52-444C-866C-1A6DB863BD8E}
	EndGlobalSection
EndGlobal
